// !$*UTF8*$!
{
	archiveVersion = 1;
	classes = {
	};
	objectVersion = 46;
	objects = {

/* Begin PBXBuildFile section */
		5F8301AEB90251B3815D4F31 /* libPods-EndlessReading.a in Frameworks */ = {isa = PBXBuildFile; fileRef = 51D1B11BAB842AC2514CF0DD /* libPods-EndlessReading.a */; };
		A048523A1C574B5500D7624E /* CharTableViewCell.m in Sources */ = {isa = PBXBuildFile; fileRef = A04852391C574B5500D7624E /* CharTableViewCell.m */; };
		A07F45091C23AE2800D0A6CE /* main.m in Sources */ = {isa = PBXBuildFile; fileRef = A07F45081C23AE2800D0A6CE /* main.m */; };
		A07F450C1C23AE2800D0A6CE /* AppDelegate.m in Sources */ = {isa = PBXBuildFile; fileRef = A07F450B1C23AE2800D0A6CE /* AppDelegate.m */; };
		A07F450F1C23AE2800D0A6CE /* ViewController.m in Sources */ = {isa = PBXBuildFile; fileRef = A07F450E1C23AE2800D0A6CE /* ViewController.m */; };
		A07F45121C23AE2800D0A6CE /* Main.storyboard in Resources */ = {isa = PBXBuildFile; fileRef = A07F45101C23AE2800D0A6CE /* Main.storyboard */; };
		A07F45141C23AE2800D0A6CE /* Assets.xcassets in Resources */ = {isa = PBXBuildFile; fileRef = A07F45131C23AE2800D0A6CE /* Assets.xcassets */; };
		A07F45171C23AE2800D0A6CE /* LaunchScreen.storyboard in Resources */ = {isa = PBXBuildFile; fileRef = A07F45151C23AE2800D0A6CE /* LaunchScreen.storyboard */; };
		A07F45221C23AE2900D0A6CE /* EndlessReadingTests.m in Sources */ = {isa = PBXBuildFile; fileRef = A07F45211C23AE2900D0A6CE /* EndlessReadingTests.m */; };
		A07F452D1C23AE2900D0A6CE /* EndlessReadingUITests.m in Sources */ = {isa = PBXBuildFile; fileRef = A07F452C1C23AE2900D0A6CE /* EndlessReadingUITests.m */; };
		A082AA211C3CFB4F00A95816 /* ReadViewController.m in Sources */ = {isa = PBXBuildFile; fileRef = A082AA201C3CFB4F00A95816 /* ReadViewController.m */; };
		A082AA291C3D4A7E00A95816 /* ReadHeaderView.m in Sources */ = {isa = PBXBuildFile; fileRef = A082AA281C3D4A7E00A95816 /* ReadHeaderView.m */; };
		A082AA2B1C3D4A8B00A95816 /* ReadHeaderView.xib in Resources */ = {isa = PBXBuildFile; fileRef = A082AA2A1C3D4A8B00A95816 /* ReadHeaderView.xib */; };
		A082AA2D1C3D4A9900A95816 /* ReadFooterView.xib in Resources */ = {isa = PBXBuildFile; fileRef = A082AA2C1C3D4A9900A95816 /* ReadFooterView.xib */; };
		A082AA301C3D4AA700A95816 /* ReadFooterView.m in Sources */ = {isa = PBXBuildFile; fileRef = A082AA2F1C3D4AA700A95816 /* ReadFooterView.m */; };
		A0CC0BF01C3111E6008F5167 /* ADSViewController.m in Sources */ = {isa = PBXBuildFile; fileRef = A0CC0BEF1C3111E6008F5167 /* ADSViewController.m */; };
		A0CC0BF41C31122F008F5167 /* HomeViewController.m in Sources */ = {isa = PBXBuildFile; fileRef = A0CC0BF31C31122F008F5167 /* HomeViewController.m */; };
		A0CC0C021C31133D008F5167 /* NSData+Helper.m in Sources */ = {isa = PBXBuildFile; fileRef = A0CC0BF91C31133D008F5167 /* NSData+Helper.m */; };
		A0CC0C031C31133D008F5167 /* NSString+Helper.m in Sources */ = {isa = PBXBuildFile; fileRef = A0CC0BFB1C31133D008F5167 /* NSString+Helper.m */; };
		A0CC0C041C31133D008F5167 /* UIColor+Helper.m in Sources */ = {isa = PBXBuildFile; fileRef = A0CC0BFD1C31133D008F5167 /* UIColor+Helper.m */; };
		A0CC0C051C31133D008F5167 /* UIView+Helper.m in Sources */ = {isa = PBXBuildFile; fileRef = A0CC0BFF1C31133D008F5167 /* UIView+Helper.m */; };
		A0CC0C061C31133D008F5167 /* WebServiceHttpClient.m in Sources */ = {isa = PBXBuildFile; fileRef = A0CC0C011C31133D008F5167 /* WebServiceHttpClient.m */; };
		A0CC0C091C312888008F5167 /* HomeTableViewCell.m in Sources */ = {isa = PBXBuildFile; fileRef = A0CC0C081C312888008F5167 /* HomeTableViewCell.m */; };
		A0CC0CAC1C3130DA008F5167 /* SearchViewController.m in Sources */ = {isa = PBXBuildFile; fileRef = A0CC0CAB1C3130DA008F5167 /* SearchViewController.m */; };
		A0CC0CAF1C3130EF008F5167 /* SettingViewController.m in Sources */ = {isa = PBXBuildFile; fileRef = A0CC0CAE1C3130EF008F5167 /* SettingViewController.m */; };
		A0CC0CB31C3131FF008F5167 /* SettingTableViewCell.m in Sources */ = {isa = PBXBuildFile; fileRef = A0CC0CB21C3131FF008F5167 /* SettingTableViewCell.m */; };
		A0CC0CBA1C327F86008F5167 /* SearchTableViewCell.m in Sources */ = {isa = PBXBuildFile; fileRef = A0CC0CB91C327F86008F5167 /* SearchTableViewCell.m */; };
		A0CC0CBE1C328119008F5167 /* DetailViewController.m in Sources */ = {isa = PBXBuildFile; fileRef = A0CC0CBD1C328119008F5167 /* DetailViewController.m */; };
		A0CC0CC11C32919F008F5167 /* AdsCollectionViewCell.m in Sources */ = {isa = PBXBuildFile; fileRef = A0CC0CC01C32919F008F5167 /* AdsCollectionViewCell.m */; };
		A0CC0CC51C329778008F5167 /* MoreViewController.m in Sources */ = {isa = PBXBuildFile; fileRef = A0CC0CC41C329778008F5167 /* MoreViewController.m */; };
		A0DF6B131C5547AB00C07AF3 /* FoundViewController.m in Sources */ = {isa = PBXBuildFile; fileRef = A0DF6B121C5547AB00C07AF3 /* FoundViewController.m */; };
		A0DF6B161C554A9400C07AF3 /* TableviewSectionHeaderView.m in Sources */ = {isa = PBXBuildFile; fileRef = A0DF6B151C554A9400C07AF3 /* TableviewSectionHeaderView.m */; };
		A0DF6B181C554AA800C07AF3 /* TableviewSectionHeaderView.xib in Resources */ = {isa = PBXBuildFile; fileRef = A0DF6B171C554AA800C07AF3 /* TableviewSectionHeaderView.xib */; };
		A0DF6B1B1C5550E300C07AF3 /* TypeTableViewCell.m in Sources */ = {isa = PBXBuildFile; fileRef = A0DF6B1A1C5550E300C07AF3 /* TypeTableViewCell.m */; };
		A0DF6B1E1C5555C600C07AF3 /* BookListViewController.m in Sources */ = {isa = PBXBuildFile; fileRef = A0DF6B1D1C5555C600C07AF3 /* BookListViewController.m */; };
		A0DF6B211C55789300C07AF3 /* RuleViewController.m in Sources */ = {isa = PBXBuildFile; fileRef = A0DF6B201C55789300C07AF3 /* RuleViewController.m */; };
		D9EEEEFE1C9696B600662D6C /* Book.xcdatamodeld in Sources */ = {isa = PBXBuildFile; fileRef = D9EEEE991C9696B600662D6C /* Book.xcdatamodeld */; };
		D9EEEEFF1C9696B600662D6C /* back@2x.png in Resources */ = {isa = PBXBuildFile; fileRef = D9EEEE9C1C9696B600662D6C /* back@2x.png */; };
		D9EEEF001C9696B600662D6C /* back@3x.png in Resources */ = {isa = PBXBuildFile; fileRef = D9EEEE9D1C9696B600662D6C /* back@3x.png */; };
		D9EEEF011C9696B600662D6C /* delate@2x.png in Resources */ = {isa = PBXBuildFile; fileRef = D9EEEE9E1C9696B600662D6C /* delate@2x.png */; };
		D9EEEF021C9696B600662D6C /* delate@@3x.png in Resources */ = {isa = PBXBuildFile; fileRef = D9EEEE9F1C9696B600662D6C /* delate@@3x.png */; };
		D9EEEF031C9696B600662D6C /* icon-22@2x.png in Resources */ = {isa = PBXBuildFile; fileRef = D9EEEEA11C9696B600662D6C /* icon-22@2x.png */; };
		D9EEEF041C9696B600662D6C /* icon-22@3x.png in Resources */ = {isa = PBXBuildFile; fileRef = D9EEEEA21C9696B600662D6C /* icon-22@3x.png */; };
		D9EEEF051C9696B600662D6C /* icon-25@3x.png in Resources */ = {isa = PBXBuildFile; fileRef = D9EEEEA31C9696B600662D6C /* icon-25@3x.png */; };
		D9EEEF061C9696B600662D6C /* icon-58.png in Resources */ = {isa = PBXBuildFile; fileRef = D9EEEEA41C9696B600662D6C /* icon-58.png */; };
		D9EEEF071C9696B600662D6C /* icon-60@2x.png in Resources */ = {isa = PBXBuildFile; fileRef = D9EEEEA51C9696B600662D6C /* icon-60@2x.png */; };
		D9EEEF081C9696B600662D6C /* icon-60@3x.png in Resources */ = {isa = PBXBuildFile; fileRef = D9EEEEA61C9696B600662D6C /* icon-60@3x.png */; };
		D9EEEF091C9696B600662D6C /* icon-72@2x.png in Resources */ = {isa = PBXBuildFile; fileRef = D9EEEEA71C9696B600662D6C /* icon-72@2x.png */; };
		D9EEEF0A1C9696B600662D6C /* icon-87.png in Resources */ = {isa = PBXBuildFile; fileRef = D9EEEEA81C9696B600662D6C /* icon-87.png */; };
		D9EEEF0B1C9696B600662D6C /* iTunesArtwork-512@2x.png in Resources */ = {isa = PBXBuildFile; fileRef = D9EEEEA91C9696B600662D6C /* iTunesArtwork-512@2x.png */; };
		D9EEEF0C1C9696B600662D6C /* icon-menu@2x.png in Resources */ = {isa = PBXBuildFile; fileRef = D9EEEEAA1C9696B600662D6C /* icon-menu@2x.png */; };
		D9EEEF0D1C9696B600662D6C /* icon-menu@3x.png in Resources */ = {isa = PBXBuildFile; fileRef = D9EEEEAB1C9696B600662D6C /* icon-menu@3x.png */; };
		D9EEEF0E1C9696B600662D6C /* icon_ serach_cancel@2x.png in Resources */ = {isa = PBXBuildFile; fileRef = D9EEEEAC1C9696B600662D6C /* icon_ serach_cancel@2x.png */; };
		D9EEEF0F1C9696B600662D6C /* icon_ serach_cancel@3x.png in Resources */ = {isa = PBXBuildFile; fileRef = D9EEEEAD1C9696B600662D6C /* icon_ serach_cancel@3x.png */; };
		D9EEEF101C9696B600662D6C /* icon_search@2x.png in Resources */ = {isa = PBXBuildFile; fileRef = D9EEEEAE1C9696B600662D6C /* icon_search@2x.png */; };
		D9EEEF111C9696B600662D6C /* icon_search@3x.png in Resources */ = {isa = PBXBuildFile; fileRef = D9EEEEAF1C9696B600662D6C /* icon_search@3x.png */; };
		D9EEEF121C9696B600662D6C /* loading@2x.png in Resources */ = {isa = PBXBuildFile; fileRef = D9EEEEB01C9696B600662D6C /* loading@2x.png */; };
		D9EEEF131C9696B600662D6C /* loading@2x.png.png in Resources */ = {isa = PBXBuildFile; fileRef = D9EEEEB11C9696B600662D6C /* loading@2x.png.png */; };
		D9EEEF141C9696B600662D6C /* loading@3x.png in Resources */ = {isa = PBXBuildFile; fileRef = D9EEEEB21C9696B600662D6C /* loading@3x.png */; };
		D9EEEF151C9696B600662D6C /* logo@2x.png in Resources */ = {isa = PBXBuildFile; fileRef = D9EEEEB31C9696B600662D6C /* logo@2x.png */; };
		D9EEEF161C9696B600662D6C /* logo@3x.png in Resources */ = {isa = PBXBuildFile; fileRef = D9EEEEB41C9696B600662D6C /* logo@3x.png */; };
		D9EEEF171C9696B600662D6C /* Triangle@2x.png in Resources */ = {isa = PBXBuildFile; fileRef = D9EEEEB51C9696B600662D6C /* Triangle@2x.png */; };
		D9EEEF181C9696B600662D6C /* Triangle@3x.png in Resources */ = {isa = PBXBuildFile; fileRef = D9EEEEB61C9696B600662D6C /* Triangle@3x.png */; };
		D9EEEF191C9696B600662D6C /* icon_dot_red@2x.png in Resources */ = {isa = PBXBuildFile; fileRef = D9EEEEB81C9696B600662D6C /* icon_dot_red@2x.png */; };
		D9EEEF1A1C9696B600662D6C /* icon_dot_red@3x.png in Resources */ = {isa = PBXBuildFile; fileRef = D9EEEEB91C9696B600662D6C /* icon_dot_red@3x.png */; };
		D9EEEF1B1C9696B600662D6C /* shujia_cancel@2x.png in Resources */ = {isa = PBXBuildFile; fileRef = D9EEEEBA1C9696B600662D6C /* shujia_cancel@2x.png */; };
		D9EEEF1C1C9696B600662D6C /* shujia_cancel@3x.png in Resources */ = {isa = PBXBuildFile; fileRef = D9EEEEBB1C9696B600662D6C /* shujia_cancel@3x.png */; };
		D9EEEF1D1C9696B600662D6C /* shujia_plus@2x.png in Resources */ = {isa = PBXBuildFile; fileRef = D9EEEEBC1C9696B600662D6C /* shujia_plus@2x.png */; };
		D9EEEF1E1C9696B600662D6C /* shujia_plus@3x.png in Resources */ = {isa = PBXBuildFile; fileRef = D9EEEEBD1C9696B600662D6C /* shujia_plus@3x.png */; };
		D9EEEF1F1C9696B600662D6C /* book_btn_default@2x.png in Resources */ = {isa = PBXBuildFile; fileRef = D9EEEEBF1C9696B600662D6C /* book_btn_default@2x.png */; };
		D9EEEF201C9696B600662D6C /* book_btn_default@3x.png in Resources */ = {isa = PBXBuildFile; fileRef = D9EEEEC01C9696B600662D6C /* book_btn_default@3x.png */; };
		D9EEEF211C9696B600662D6C /* book_btn_selected@2x.png in Resources */ = {isa = PBXBuildFile; fileRef = D9EEEEC11C9696B600662D6C /* book_btn_selected@2x.png */; };
		D9EEEF221C9696B600662D6C /* book_btn_selected@3x.png in Resources */ = {isa = PBXBuildFile; fileRef = D9EEEEC21C9696B600662D6C /* book_btn_selected@3x.png */; };
		D9EEEF231C9696B600662D6C /* find_icon_paihang@2x.png in Resources */ = {isa = PBXBuildFile; fileRef = D9EEEEC41C9696B600662D6C /* find_icon_paihang@2x.png */; };
		D9EEEF241C9696B600662D6C /* find_icon_paihang@3x.png in Resources */ = {isa = PBXBuildFile; fileRef = D9EEEEC51C9696B600662D6C /* find_icon_paihang@3x.png */; };
		D9EEEF251C9696B600662D6C /* find_icon_sort@2x.png in Resources */ = {isa = PBXBuildFile; fileRef = D9EEEEC61C9696B600662D6C /* find_icon_sort@2x.png */; };
		D9EEEF261C9696B600662D6C /* find_icon_sort@3x.png in Resources */ = {isa = PBXBuildFile; fileRef = D9EEEEC71C9696B600662D6C /* find_icon_sort@3x.png */; };
		D9EEEF271C9696B600662D6C /* find_icon_tuijan@2x.png in Resources */ = {isa = PBXBuildFile; fileRef = D9EEEEC81C9696B600662D6C /* find_icon_tuijan@2x.png */; };
		D9EEEF281C9696B600662D6C /* find_icon_tuijan@3x.png in Resources */ = {isa = PBXBuildFile; fileRef = D9EEEEC91C9696B600662D6C /* find_icon_tuijan@3x.png */; };
		D9EEEF291C9696B600662D6C /* find_sort_btn@2x.png in Resources */ = {isa = PBXBuildFile; fileRef = D9EEEECA1C9696B600662D6C /* find_sort_btn@2x.png */; };
		D9EEEF2A1C9696B600662D6C /* find_sort_btn@3x.png in Resources */ = {isa = PBXBuildFile; fileRef = D9EEEECB1C9696B600662D6C /* find_sort_btn@3x.png */; };
		D9EEEF2B1C9696B600662D6C /* icon_down@2x.png in Resources */ = {isa = PBXBuildFile; fileRef = D9EEEECC1C9696B600662D6C /* icon_down@2x.png */; };
		D9EEEF2C1C9696B600662D6C /* icon_down@3x.png in Resources */ = {isa = PBXBuildFile; fileRef = D9EEEECD1C9696B600662D6C /* icon_down@3x.png */; };
		D9EEEF2D1C9696B600662D6C /* icon_up@2x.png in Resources */ = {isa = PBXBuildFile; fileRef = D9EEEECE1C9696B600662D6C /* icon_up@2x.png */; };
		D9EEEF2E1C9696B600662D6C /* icon_up@3x.png in Resources */ = {isa = PBXBuildFile; fileRef = D9EEEECF1C9696B600662D6C /* icon_up@3x.png */; };
		D9EEEF2F1C9696B600662D6C /* set_haoping@2x.png in Resources */ = {isa = PBXBuildFile; fileRef = D9EEEED11C9696B600662D6C /* set_haoping@2x.png */; };
		D9EEEF301C9696B600662D6C /* set_haoping@3x.png in Resources */ = {isa = PBXBuildFile; fileRef = D9EEEED21C9696B600662D6C /* set_haoping@3x.png */; };
		D9EEEF311C9696B600662D6C /* set_red_night@2x.png in Resources */ = {isa = PBXBuildFile; fileRef = D9EEEED31C9696B600662D6C /* set_red_night@2x.png */; };
		D9EEEF321C9696B600662D6C /* set_red_night@3x.png in Resources */ = {isa = PBXBuildFile; fileRef = D9EEEED41C9696B600662D6C /* set_red_night@3x.png */; };
		D9EEEF331C9696B600662D6C /* set_shengming@2x.png in Resources */ = {isa = PBXBuildFile; fileRef = D9EEEED51C9696B600662D6C /* set_shengming@2x.png */; };
		D9EEEF341C9696B600662D6C /* set_shengming@3x.png in Resources */ = {isa = PBXBuildFile; fileRef = D9EEEED61C9696B600662D6C /* set_shengming@3x.png */; };
		D9EEEF351C9696B600662D6C /* ad_icon_26@2x.png in Resources */ = {isa = PBXBuildFile; fileRef = D9EEEED81C9696B600662D6C /* ad_icon_26@2x.png */; };
		D9EEEF361C9696B600662D6C /* ad_icon_26@3x.png in Resources */ = {isa = PBXBuildFile; fileRef = D9EEEED91C9696B600662D6C /* ad_icon_26@3x.png */; };
		D9EEEF371C9696B600662D6C /* ad_skip@2x.png in Resources */ = {isa = PBXBuildFile; fileRef = D9EEEEDA1C9696B600662D6C /* ad_skip@2x.png */; };
		D9EEEF381C9696B600662D6C /* ad_skip@3x.png in Resources */ = {isa = PBXBuildFile; fileRef = D9EEEEDB1C9696B600662D6C /* ad_skip@3x.png */; };
		D9EEEF391C9696B600662D6C /* read_back@2x.png in Resources */ = {isa = PBXBuildFile; fileRef = D9EEEEDD1C9696B600662D6C /* read_back@2x.png */; };
		D9EEEF3A1C9696B600662D6C /* read_back@3x.png in Resources */ = {isa = PBXBuildFile; fileRef = D9EEEEDE1C9696B600662D6C /* read_back@3x.png */; };
		D9EEEF3B1C9696B600662D6C /* read_chart@2x.png in Resources */ = {isa = PBXBuildFile; fileRef = D9EEEEDF1C9696B600662D6C /* read_chart@2x.png */; };
		D9EEEF3C1C9696B600662D6C /* read_chart@3x.png in Resources */ = {isa = PBXBuildFile; fileRef = D9EEEEE01C9696B600662D6C /* read_chart@3x.png */; };
		D9EEEF3D1C9696B600662D6C /* read_chart_current@2x.png in Resources */ = {isa = PBXBuildFile; fileRef = D9EEEEE11C9696B600662D6C /* read_chart_current@2x.png */; };
		D9EEEF3E1C9696B600662D6C /* read_chart_current@3x.png in Resources */ = {isa = PBXBuildFile; fileRef = D9EEEEE21C9696B600662D6C /* read_chart_current@3x.png */; };
		D9EEEF3F1C9696B600662D6C /* read_dark_1@2x.png in Resources */ = {isa = PBXBuildFile; fileRef = D9EEEEE31C9696B600662D6C /* read_dark_1@2x.png */; };
		D9EEEF401C9696B600662D6C /* read_dark_1@3x.png in Resources */ = {isa = PBXBuildFile; fileRef = D9EEEEE41C9696B600662D6C /* read_dark_1@3x.png */; };
		D9EEEF411C9696B600662D6C /* read_download@2x.png in Resources */ = {isa = PBXBuildFile; fileRef = D9EEEEE51C9696B600662D6C /* read_download@2x.png */; };
		D9EEEF421C9696B600662D6C /* read_download@3x.png in Resources */ = {isa = PBXBuildFile; fileRef = D9EEEEE61C9696B600662D6C /* read_download@3x.png */; };
		D9EEEF431C9696B600662D6C /* read_hengping@2x.png in Resources */ = {isa = PBXBuildFile; fileRef = D9EEEEE71C9696B600662D6C /* read_hengping@2x.png */; };
		D9EEEF441C9696B600662D6C /* read_hengping@3x.png in Resources */ = {isa = PBXBuildFile; fileRef = D9EEEEE81C9696B600662D6C /* read_hengping@3x.png */; };
		D9EEEF451C9696B600662D6C /* read_icon_green_bg@2x.png in Resources */ = {isa = PBXBuildFile; fileRef = D9EEEEE91C9696B600662D6C /* read_icon_green_bg@2x.png */; };
		D9EEEF461C9696B600662D6C /* read_icon_green_bg@3x.png in Resources */ = {isa = PBXBuildFile; fileRef = D9EEEEEA1C9696B600662D6C /* read_icon_green_bg@3x.png */; };
		D9EEEF471C9696B600662D6C /* read_icon_white_bg@3x.png in Resources */ = {isa = PBXBuildFile; fileRef = D9EEEEEB1C9696B600662D6C /* read_icon_white_bg@3x.png */; };
		D9EEEF481C9696B600662D6C /* read_icon_wight_bg@2x.png in Resources */ = {isa = PBXBuildFile; fileRef = D9EEEEEC1C9696B600662D6C /* read_icon_wight_bg@2x.png */; };
		D9EEEF491C9696B600662D6C /* read_icon_yellow_bg@2x.png in Resources */ = {isa = PBXBuildFile; fileRef = D9EEEEED1C9696B600662D6C /* read_icon_yellow_bg@2x.png */; };
		D9EEEF4A1C9696B600662D6C /* read_icon_yellow_bg@3x.png in Resources */ = {isa = PBXBuildFile; fileRef = D9EEEEEE1C9696B600662D6C /* read_icon_yellow_bg@3x.png */; };
		D9EEEF4B1C9696B600662D6C /* read_light_1@2x.png in Resources */ = {isa = PBXBuildFile; fileRef = D9EEEEEF1C9696B600662D6C /* read_light_1@2x.png */; };
		D9EEEF4C1C9696B600662D6C /* read_light_1@3x.png in Resources */ = {isa = PBXBuildFile; fileRef = D9EEEEF01C9696B600662D6C /* read_light_1@3x.png */; };
		D9EEEF4D1C9696B600662D6C /* read_light_Ellipse_btn@2x.png in Resources */ = {isa = PBXBuildFile; fileRef = D9EEEEF11C9696B600662D6C /* read_light_Ellipse_btn@2x.png */; };
		D9EEEF4E1C9696B600662D6C /* read_light_Ellipse_btn@3x.png in Resources */ = {isa = PBXBuildFile; fileRef = D9EEEEF21C9696B600662D6C /* read_light_Ellipse_btn@3x.png */; };
		D9EEEF4F1C9696B600662D6C /* read_mulu@2x.png in Resources */ = {isa = PBXBuildFile; fileRef = D9EEEEF31C9696B600662D6C /* read_mulu@2x.png */; };
		D9EEEF501C9696B600662D6C /* read_mulu@3x.png in Resources */ = {isa = PBXBuildFile; fileRef = D9EEEEF41C9696B600662D6C /* read_mulu@3x.png */; };
		D9EEEF511C9696B600662D6C /* read_white_night@2x.png in Resources */ = {isa = PBXBuildFile; fileRef = D9EEEEF51C9696B600662D6C /* read_white_night@2x.png */; };
		D9EEEF521C9696B600662D6C /* read_white_night@3x.png in Resources */ = {isa = PBXBuildFile; fileRef = D9EEEEF61C9696B600662D6C /* read_white_night@3x.png */; };
		D9EEEF531C9696B600662D6C /* yellowbackground@2x.jpg in Resources */ = {isa = PBXBuildFile; fileRef = D9EEEEF71C9696B600662D6C /* yellowbackground@2x.jpg */; };
		D9EEEF541C9696B600662D6C /* yellowbackground@2x.png in Resources */ = {isa = PBXBuildFile; fileRef = D9EEEEF81C9696B600662D6C /* yellowbackground@2x.png */; };
		D9EEEF551C9696B600662D6C /* yellowbackground@3x.jpg in Resources */ = {isa = PBXBuildFile; fileRef = D9EEEEF91C9696B600662D6C /* yellowbackground@3x.jpg */; };
		D9EEEF561C9696B600662D6C /* yellowbackground@3x.png in Resources */ = {isa = PBXBuildFile; fileRef = D9EEEEFA1C9696B600662D6C /* yellowbackground@3x.png */; };
		D9EEEF571C9696B600662D6C /* 颜色.txt in Resources */ = {isa = PBXBuildFile; fileRef = D9EEEEFB1C9696B600662D6C /* 颜色.txt */; };
		D9EEEF581C9696B600662D6C /* aizaixianjingderizi.txt in Resources */ = {isa = PBXBuildFile; fileRef = D9EEEEFD1C9696B600662D6C /* aizaixianjingderizi.txt */; };
/* End PBXBuildFile section */

/* Begin PBXContainerItemProxy section */
		A07F451E1C23AE2900D0A6CE /* PBXContainerItemProxy */ = {
			isa = PBXContainerItemProxy;
			containerPortal = A07F44FC1C23AE2800D0A6CE /* Project object */;
			proxyType = 1;
			remoteGlobalIDString = A07F45031C23AE2800D0A6CE;
			remoteInfo = EndlessReading;
		};
		A07F45291C23AE2900D0A6CE /* PBXContainerItemProxy */ = {
			isa = PBXContainerItemProxy;
			containerPortal = A07F44FC1C23AE2800D0A6CE /* Project object */;
			proxyType = 1;
			remoteGlobalIDString = A07F45031C23AE2800D0A6CE;
			remoteInfo = EndlessReading;
		};
/* End PBXContainerItemProxy section */

/* Begin PBXFileReference section */
		17666EE7D5697403A3D42216 /* Pods-EndlessReading.release.xcconfig */ = {isa = PBXFileReference; includeInIndex = 1; lastKnownFileType = text.xcconfig; name = "Pods-EndlessReading.release.xcconfig"; path = "Pods/Target Support Files/Pods-EndlessReading/Pods-EndlessReading.release.xcconfig"; sourceTree = "<group>"; };
		51D1B11BAB842AC2514CF0DD /* libPods-EndlessReading.a */ = {isa = PBXFileReference; explicitFileType = archive.ar; includeInIndex = 0; path = "libPods-EndlessReading.a"; sourceTree = BUILT_PRODUCTS_DIR; };
		A04852371C57338900D7624E /* en */ = {isa = PBXFileReference; lastKnownFileType = file.storyboard; name = en; path = en.lproj/LaunchScreen.storyboard; sourceTree = "<group>"; };
		A04852381C574B5500D7624E /* CharTableViewCell.h */ = {isa = PBXFileReference; fileEncoding = 4; lastKnownFileType = sourcecode.c.h; path = CharTableViewCell.h; sourceTree = "<group>"; };
		A04852391C574B5500D7624E /* CharTableViewCell.m */ = {isa = PBXFileReference; fileEncoding = 4; lastKnownFileType = sourcecode.c.objc; path = CharTableViewCell.m; sourceTree = "<group>"; };
		A07F45041C23AE2800D0A6CE /* EndlessReading.app */ = {isa = PBXFileReference; explicitFileType = wrapper.application; includeInIndex = 0; path = EndlessReading.app; sourceTree = BUILT_PRODUCTS_DIR; };
		A07F45081C23AE2800D0A6CE /* main.m */ = {isa = PBXFileReference; lastKnownFileType = sourcecode.c.objc; path = main.m; sourceTree = "<group>"; };
		A07F450A1C23AE2800D0A6CE /* AppDelegate.h */ = {isa = PBXFileReference; lastKnownFileType = sourcecode.c.h; path = AppDelegate.h; sourceTree = "<group>"; };
		A07F450B1C23AE2800D0A6CE /* AppDelegate.m */ = {isa = PBXFileReference; lastKnownFileType = sourcecode.c.objc; path = AppDelegate.m; sourceTree = "<group>"; };
		A07F450D1C23AE2800D0A6CE /* ViewController.h */ = {isa = PBXFileReference; lastKnownFileType = sourcecode.c.h; path = ViewController.h; sourceTree = "<group>"; };
		A07F450E1C23AE2800D0A6CE /* ViewController.m */ = {isa = PBXFileReference; lastKnownFileType = sourcecode.c.objc; path = ViewController.m; sourceTree = "<group>"; };
		A07F45111C23AE2800D0A6CE /* Base */ = {isa = PBXFileReference; lastKnownFileType = file.storyboard; name = Base; path = Base.lproj/Main.storyboard; sourceTree = "<group>"; };
		A07F45131C23AE2800D0A6CE /* Assets.xcassets */ = {isa = PBXFileReference; lastKnownFileType = folder.assetcatalog; path = Assets.xcassets; sourceTree = "<group>"; };
		A07F45181C23AE2800D0A6CE /* Info.plist */ = {isa = PBXFileReference; lastKnownFileType = text.plist.xml; path = Info.plist; sourceTree = "<group>"; };
		A07F451D1C23AE2900D0A6CE /* EndlessReadingTests.xctest */ = {isa = PBXFileReference; explicitFileType = wrapper.cfbundle; includeInIndex = 0; path = EndlessReadingTests.xctest; sourceTree = BUILT_PRODUCTS_DIR; };
		A07F45211C23AE2900D0A6CE /* EndlessReadingTests.m */ = {isa = PBXFileReference; lastKnownFileType = sourcecode.c.objc; path = EndlessReadingTests.m; sourceTree = "<group>"; };
		A07F45231C23AE2900D0A6CE /* Info.plist */ = {isa = PBXFileReference; lastKnownFileType = text.plist.xml; path = Info.plist; sourceTree = "<group>"; };
		A07F45281C23AE2900D0A6CE /* EndlessReadingUITests.xctest */ = {isa = PBXFileReference; explicitFileType = wrapper.cfbundle; includeInIndex = 0; path = EndlessReadingUITests.xctest; sourceTree = BUILT_PRODUCTS_DIR; };
		A07F452C1C23AE2900D0A6CE /* EndlessReadingUITests.m */ = {isa = PBXFileReference; lastKnownFileType = sourcecode.c.objc; path = EndlessReadingUITests.m; sourceTree = "<group>"; };
		A07F452E1C23AE2900D0A6CE /* Info.plist */ = {isa = PBXFileReference; lastKnownFileType = text.plist.xml; path = Info.plist; sourceTree = "<group>"; };
		A082AA1F1C3CFB4F00A95816 /* ReadViewController.h */ = {isa = PBXFileReference; fileEncoding = 4; lastKnownFileType = sourcecode.c.h; path = ReadViewController.h; sourceTree = "<group>"; };
		A082AA201C3CFB4F00A95816 /* ReadViewController.m */ = {isa = PBXFileReference; fileEncoding = 4; lastKnownFileType = sourcecode.c.objc; path = ReadViewController.m; sourceTree = "<group>"; };
		A082AA271C3D4A7E00A95816 /* ReadHeaderView.h */ = {isa = PBXFileReference; fileEncoding = 4; lastKnownFileType = sourcecode.c.h; path = ReadHeaderView.h; sourceTree = "<group>"; };
		A082AA281C3D4A7E00A95816 /* ReadHeaderView.m */ = {isa = PBXFileReference; fileEncoding = 4; lastKnownFileType = sourcecode.c.objc; path = ReadHeaderView.m; sourceTree = "<group>"; };
		A082AA2A1C3D4A8B00A95816 /* ReadHeaderView.xib */ = {isa = PBXFileReference; fileEncoding = 4; lastKnownFileType = file.xib; path = ReadHeaderView.xib; sourceTree = "<group>"; };
		A082AA2C1C3D4A9900A95816 /* ReadFooterView.xib */ = {isa = PBXFileReference; fileEncoding = 4; lastKnownFileType = file.xib; path = ReadFooterView.xib; sourceTree = "<group>"; };
		A082AA2E1C3D4AA700A95816 /* ReadFooterView.h */ = {isa = PBXFileReference; fileEncoding = 4; lastKnownFileType = sourcecode.c.h; path = ReadFooterView.h; sourceTree = "<group>"; };
		A082AA2F1C3D4AA700A95816 /* ReadFooterView.m */ = {isa = PBXFileReference; fileEncoding = 4; lastKnownFileType = sourcecode.c.objc; path = ReadFooterView.m; sourceTree = "<group>"; };
		A0CC0BEE1C3111E6008F5167 /* ADSViewController.h */ = {isa = PBXFileReference; fileEncoding = 4; lastKnownFileType = sourcecode.c.h; path = ADSViewController.h; sourceTree = "<group>"; };
		A0CC0BEF1C3111E6008F5167 /* ADSViewController.m */ = {isa = PBXFileReference; fileEncoding = 4; lastKnownFileType = sourcecode.c.objc; path = ADSViewController.m; sourceTree = "<group>"; };
		A0CC0BF21C31122F008F5167 /* HomeViewController.h */ = {isa = PBXFileReference; fileEncoding = 4; lastKnownFileType = sourcecode.c.h; path = HomeViewController.h; sourceTree = "<group>"; };
		A0CC0BF31C31122F008F5167 /* HomeViewController.m */ = {isa = PBXFileReference; fileEncoding = 4; lastKnownFileType = sourcecode.c.objc; path = HomeViewController.m; sourceTree = "<group>"; };
		A0CC0BF61C3112F0008F5167 /* EndlessReading.pch */ = {isa = PBXFileReference; lastKnownFileType = sourcecode.c.h; path = EndlessReading.pch; sourceTree = "<group>"; };
		A0CC0BF81C31133D008F5167 /* NSData+Helper.h */ = {isa = PBXFileReference; fileEncoding = 4; lastKnownFileType = sourcecode.c.h; path = "NSData+Helper.h"; sourceTree = "<group>"; };
		A0CC0BF91C31133D008F5167 /* NSData+Helper.m */ = {isa = PBXFileReference; fileEncoding = 4; lastKnownFileType = sourcecode.c.objc; path = "NSData+Helper.m"; sourceTree = "<group>"; };
		A0CC0BFA1C31133D008F5167 /* NSString+Helper.h */ = {isa = PBXFileReference; fileEncoding = 4; lastKnownFileType = sourcecode.c.h; path = "NSString+Helper.h"; sourceTree = "<group>"; };
		A0CC0BFB1C31133D008F5167 /* NSString+Helper.m */ = {isa = PBXFileReference; fileEncoding = 4; lastKnownFileType = sourcecode.c.objc; path = "NSString+Helper.m"; sourceTree = "<group>"; };
		A0CC0BFC1C31133D008F5167 /* UIColor+Helper.h */ = {isa = PBXFileReference; fileEncoding = 4; lastKnownFileType = sourcecode.c.h; path = "UIColor+Helper.h"; sourceTree = "<group>"; };
		A0CC0BFD1C31133D008F5167 /* UIColor+Helper.m */ = {isa = PBXFileReference; fileEncoding = 4; lastKnownFileType = sourcecode.c.objc; path = "UIColor+Helper.m"; sourceTree = "<group>"; };
		A0CC0BFE1C31133D008F5167 /* UIView+Helper.h */ = {isa = PBXFileReference; fileEncoding = 4; lastKnownFileType = sourcecode.c.h; path = "UIView+Helper.h"; sourceTree = "<group>"; };
		A0CC0BFF1C31133D008F5167 /* UIView+Helper.m */ = {isa = PBXFileReference; fileEncoding = 4; lastKnownFileType = sourcecode.c.objc; path = "UIView+Helper.m"; sourceTree = "<group>"; };
		A0CC0C001C31133D008F5167 /* WebServiceHttpClient.h */ = {isa = PBXFileReference; fileEncoding = 4; lastKnownFileType = sourcecode.c.h; path = WebServiceHttpClient.h; sourceTree = "<group>"; };
		A0CC0C011C31133D008F5167 /* WebServiceHttpClient.m */ = {isa = PBXFileReference; fileEncoding = 4; lastKnownFileType = sourcecode.c.objc; path = WebServiceHttpClient.m; sourceTree = "<group>"; };
		A0CC0C071C312888008F5167 /* HomeTableViewCell.h */ = {isa = PBXFileReference; fileEncoding = 4; lastKnownFileType = sourcecode.c.h; path = HomeTableViewCell.h; sourceTree = "<group>"; };
		A0CC0C081C312888008F5167 /* HomeTableViewCell.m */ = {isa = PBXFileReference; fileEncoding = 4; lastKnownFileType = sourcecode.c.objc; path = HomeTableViewCell.m; sourceTree = "<group>"; };
		A0CC0CAA1C3130DA008F5167 /* SearchViewController.h */ = {isa = PBXFileReference; fileEncoding = 4; lastKnownFileType = sourcecode.c.h; path = SearchViewController.h; sourceTree = "<group>"; };
		A0CC0CAB1C3130DA008F5167 /* SearchViewController.m */ = {isa = PBXFileReference; fileEncoding = 4; lastKnownFileType = sourcecode.c.objc; path = SearchViewController.m; sourceTree = "<group>"; };
		A0CC0CAD1C3130EF008F5167 /* SettingViewController.h */ = {isa = PBXFileReference; fileEncoding = 4; lastKnownFileType = sourcecode.c.h; path = SettingViewController.h; sourceTree = "<group>"; };
		A0CC0CAE1C3130EF008F5167 /* SettingViewController.m */ = {isa = PBXFileReference; fileEncoding = 4; lastKnownFileType = sourcecode.c.objc; path = SettingViewController.m; sourceTree = "<group>"; };
		A0CC0CB11C3131FF008F5167 /* SettingTableViewCell.h */ = {isa = PBXFileReference; fileEncoding = 4; lastKnownFileType = sourcecode.c.h; path = SettingTableViewCell.h; sourceTree = "<group>"; };
		A0CC0CB21C3131FF008F5167 /* SettingTableViewCell.m */ = {isa = PBXFileReference; fileEncoding = 4; lastKnownFileType = sourcecode.c.objc; path = SettingTableViewCell.m; sourceTree = "<group>"; };
		A0CC0CB81C327F86008F5167 /* SearchTableViewCell.h */ = {isa = PBXFileReference; fileEncoding = 4; lastKnownFileType = sourcecode.c.h; path = SearchTableViewCell.h; sourceTree = "<group>"; };
		A0CC0CB91C327F86008F5167 /* SearchTableViewCell.m */ = {isa = PBXFileReference; fileEncoding = 4; lastKnownFileType = sourcecode.c.objc; path = SearchTableViewCell.m; sourceTree = "<group>"; };
		A0CC0CBC1C328119008F5167 /* DetailViewController.h */ = {isa = PBXFileReference; fileEncoding = 4; lastKnownFileType = sourcecode.c.h; path = DetailViewController.h; sourceTree = "<group>"; };
		A0CC0CBD1C328119008F5167 /* DetailViewController.m */ = {isa = PBXFileReference; fileEncoding = 4; lastKnownFileType = sourcecode.c.objc; path = DetailViewController.m; sourceTree = "<group>"; };
		A0CC0CBF1C32919F008F5167 /* AdsCollectionViewCell.h */ = {isa = PBXFileReference; fileEncoding = 4; lastKnownFileType = sourcecode.c.h; path = AdsCollectionViewCell.h; sourceTree = "<group>"; };
		A0CC0CC01C32919F008F5167 /* AdsCollectionViewCell.m */ = {isa = PBXFileReference; fileEncoding = 4; lastKnownFileType = sourcecode.c.objc; path = AdsCollectionViewCell.m; sourceTree = "<group>"; };
		A0CC0CC31C329778008F5167 /* MoreViewController.h */ = {isa = PBXFileReference; fileEncoding = 4; lastKnownFileType = sourcecode.c.h; path = MoreViewController.h; sourceTree = "<group>"; };
		A0CC0CC41C329778008F5167 /* MoreViewController.m */ = {isa = PBXFileReference; fileEncoding = 4; lastKnownFileType = sourcecode.c.objc; path = MoreViewController.m; sourceTree = "<group>"; };
		A0DF6B111C5547AB00C07AF3 /* FoundViewController.h */ = {isa = PBXFileReference; fileEncoding = 4; lastKnownFileType = sourcecode.c.h; path = FoundViewController.h; sourceTree = "<group>"; };
		A0DF6B121C5547AB00C07AF3 /* FoundViewController.m */ = {isa = PBXFileReference; fileEncoding = 4; lastKnownFileType = sourcecode.c.objc; path = FoundViewController.m; sourceTree = "<group>"; };
		A0DF6B141C554A9400C07AF3 /* TableviewSectionHeaderView.h */ = {isa = PBXFileReference; fileEncoding = 4; lastKnownFileType = sourcecode.c.h; path = TableviewSectionHeaderView.h; sourceTree = "<group>"; };
		A0DF6B151C554A9400C07AF3 /* TableviewSectionHeaderView.m */ = {isa = PBXFileReference; fileEncoding = 4; lastKnownFileType = sourcecode.c.objc; path = TableviewSectionHeaderView.m; sourceTree = "<group>"; };
		A0DF6B171C554AA800C07AF3 /* TableviewSectionHeaderView.xib */ = {isa = PBXFileReference; fileEncoding = 4; lastKnownFileType = file.xib; path = TableviewSectionHeaderView.xib; sourceTree = "<group>"; };
		A0DF6B191C5550E300C07AF3 /* TypeTableViewCell.h */ = {isa = PBXFileReference; fileEncoding = 4; lastKnownFileType = sourcecode.c.h; path = TypeTableViewCell.h; sourceTree = "<group>"; };
		A0DF6B1A1C5550E300C07AF3 /* TypeTableViewCell.m */ = {isa = PBXFileReference; fileEncoding = 4; lastKnownFileType = sourcecode.c.objc; path = TypeTableViewCell.m; sourceTree = "<group>"; };
		A0DF6B1C1C5555C600C07AF3 /* BookListViewController.h */ = {isa = PBXFileReference; fileEncoding = 4; lastKnownFileType = sourcecode.c.h; path = BookListViewController.h; sourceTree = "<group>"; };
		A0DF6B1D1C5555C600C07AF3 /* BookListViewController.m */ = {isa = PBXFileReference; fileEncoding = 4; lastKnownFileType = sourcecode.c.objc; path = BookListViewController.m; sourceTree = "<group>"; };
		A0DF6B1F1C55789300C07AF3 /* RuleViewController.h */ = {isa = PBXFileReference; fileEncoding = 4; lastKnownFileType = sourcecode.c.h; path = RuleViewController.h; sourceTree = "<group>"; };
		A0DF6B201C55789300C07AF3 /* RuleViewController.m */ = {isa = PBXFileReference; fileEncoding = 4; lastKnownFileType = sourcecode.c.objc; path = RuleViewController.m; sourceTree = "<group>"; };
		D9EEEE9A1C9696B600662D6C /* Book.xcdatamodel */ = {isa = PBXFileReference; lastKnownFileType = wrapper.xcdatamodel; path = Book.xcdatamodel; sourceTree = "<group>"; };
		D9EEEE9C1C9696B600662D6C /* back@2x.png */ = {isa = PBXFileReference; lastKnownFileType = image.png; path = "back@2x.png"; sourceTree = "<group>"; };
		D9EEEE9D1C9696B600662D6C /* back@3x.png */ = {isa = PBXFileReference; lastKnownFileType = image.png; path = "back@3x.png"; sourceTree = "<group>"; };
		D9EEEE9E1C9696B600662D6C /* delate@2x.png */ = {isa = PBXFileReference; lastKnownFileType = image.png; path = "delate@2x.png"; sourceTree = "<group>"; };
		D9EEEE9F1C9696B600662D6C /* delate@@3x.png */ = {isa = PBXFileReference; lastKnownFileType = image.png; path = "delate@@3x.png"; sourceTree = "<group>"; };
		D9EEEEA11C9696B600662D6C /* icon-22@2x.png */ = {isa = PBXFileReference; lastKnownFileType = image.png; path = "icon-22@2x.png"; sourceTree = "<group>"; };
		D9EEEEA21C9696B600662D6C /* icon-22@3x.png */ = {isa = PBXFileReference; lastKnownFileType = image.png; path = "icon-22@3x.png"; sourceTree = "<group>"; };
		D9EEEEA31C9696B600662D6C /* icon-25@3x.png */ = {isa = PBXFileReference; lastKnownFileType = image.png; path = "icon-25@3x.png"; sourceTree = "<group>"; };
		D9EEEEA41C9696B600662D6C /* icon-58.png */ = {isa = PBXFileReference; lastKnownFileType = image.png; path = "icon-58.png"; sourceTree = "<group>"; };
		D9EEEEA51C9696B600662D6C /* icon-60@2x.png */ = {isa = PBXFileReference; lastKnownFileType = image.png; path = "icon-60@2x.png"; sourceTree = "<group>"; };
		D9EEEEA61C9696B600662D6C /* icon-60@3x.png */ = {isa = PBXFileReference; lastKnownFileType = image.png; path = "icon-60@3x.png"; sourceTree = "<group>"; };
		D9EEEEA71C9696B600662D6C /* icon-72@2x.png */ = {isa = PBXFileReference; lastKnownFileType = image.png; path = "icon-72@2x.png"; sourceTree = "<group>"; };
		D9EEEEA81C9696B600662D6C /* icon-87.png */ = {isa = PBXFileReference; lastKnownFileType = image.png; path = "icon-87.png"; sourceTree = "<group>"; };
		D9EEEEA91C9696B600662D6C /* iTunesArtwork-512@2x.png */ = {isa = PBXFileReference; lastKnownFileType = image.png; path = "iTunesArtwork-512@2x.png"; sourceTree = "<group>"; };
		D9EEEEAA1C9696B600662D6C /* icon-menu@2x.png */ = {isa = PBXFileReference; lastKnownFileType = image.png; path = "icon-menu@2x.png"; sourceTree = "<group>"; };
		D9EEEEAB1C9696B600662D6C /* icon-menu@3x.png */ = {isa = PBXFileReference; lastKnownFileType = image.png; path = "icon-menu@3x.png"; sourceTree = "<group>"; };
		D9EEEEAC1C9696B600662D6C /* icon_ serach_cancel@2x.png */ = {isa = PBXFileReference; lastKnownFileType = image.png; path = "icon_ serach_cancel@2x.png"; sourceTree = "<group>"; };
		D9EEEEAD1C9696B600662D6C /* icon_ serach_cancel@3x.png */ = {isa = PBXFileReference; lastKnownFileType = image.png; path = "icon_ serach_cancel@3x.png"; sourceTree = "<group>"; };
		D9EEEEAE1C9696B600662D6C /* icon_search@2x.png */ = {isa = PBXFileReference; lastKnownFileType = image.png; path = "icon_search@2x.png"; sourceTree = "<group>"; };
		D9EEEEAF1C9696B600662D6C /* icon_search@3x.png */ = {isa = PBXFileReference; lastKnownFileType = image.png; path = "icon_search@3x.png"; sourceTree = "<group>"; };
		D9EEEEB01C9696B600662D6C /* loading@2x.png */ = {isa = PBXFileReference; lastKnownFileType = image.png; path = "loading@2x.png"; sourceTree = "<group>"; };
		D9EEEEB11C9696B600662D6C /* loading@2x.png.png */ = {isa = PBXFileReference; lastKnownFileType = image.png; path = "loading@2x.png.png"; sourceTree = "<group>"; };
		D9EEEEB21C9696B600662D6C /* loading@3x.png */ = {isa = PBXFileReference; lastKnownFileType = image.png; path = "loading@3x.png"; sourceTree = "<group>"; };
		D9EEEEB31C9696B600662D6C /* logo@2x.png */ = {isa = PBXFileReference; lastKnownFileType = image.png; path = "logo@2x.png"; sourceTree = "<group>"; };
		D9EEEEB41C9696B600662D6C /* logo@3x.png */ = {isa = PBXFileReference; lastKnownFileType = image.png; path = "logo@3x.png"; sourceTree = "<group>"; };
		D9EEEEB51C9696B600662D6C /* Triangle@2x.png */ = {isa = PBXFileReference; lastKnownFileType = image.png; path = "Triangle@2x.png"; sourceTree = "<group>"; };
		D9EEEEB61C9696B600662D6C /* Triangle@3x.png */ = {isa = PBXFileReference; lastKnownFileType = image.png; path = "Triangle@3x.png"; sourceTree = "<group>"; };
		D9EEEEB81C9696B600662D6C /* icon_dot_red@2x.png */ = {isa = PBXFileReference; lastKnownFileType = image.png; path = "icon_dot_red@2x.png"; sourceTree = "<group>"; };
		D9EEEEB91C9696B600662D6C /* icon_dot_red@3x.png */ = {isa = PBXFileReference; lastKnownFileType = image.png; path = "icon_dot_red@3x.png"; sourceTree = "<group>"; };
		D9EEEEBA1C9696B600662D6C /* shujia_cancel@2x.png */ = {isa = PBXFileReference; lastKnownFileType = image.png; path = "shujia_cancel@2x.png"; sourceTree = "<group>"; };
		D9EEEEBB1C9696B600662D6C /* shujia_cancel@3x.png */ = {isa = PBXFileReference; lastKnownFileType = image.png; path = "shujia_cancel@3x.png"; sourceTree = "<group>"; };
		D9EEEEBC1C9696B600662D6C /* shujia_plus@2x.png */ = {isa = PBXFileReference; lastKnownFileType = image.png; path = "shujia_plus@2x.png"; sourceTree = "<group>"; };
		D9EEEEBD1C9696B600662D6C /* shujia_plus@3x.png */ = {isa = PBXFileReference; lastKnownFileType = image.png; path = "shujia_plus@3x.png"; sourceTree = "<group>"; };
		D9EEEEBF1C9696B600662D6C /* book_btn_default@2x.png */ = {isa = PBXFileReference; lastKnownFileType = image.png; path = "book_btn_default@2x.png"; sourceTree = "<group>"; };
		D9EEEEC01C9696B600662D6C /* book_btn_default@3x.png */ = {isa = PBXFileReference; lastKnownFileType = image.png; path = "book_btn_default@3x.png"; sourceTree = "<group>"; };
		D9EEEEC11C9696B600662D6C /* book_btn_selected@2x.png */ = {isa = PBXFileReference; lastKnownFileType = image.png; path = "book_btn_selected@2x.png"; sourceTree = "<group>"; };
		D9EEEEC21C9696B600662D6C /* book_btn_selected@3x.png */ = {isa = PBXFileReference; lastKnownFileType = image.png; path = "book_btn_selected@3x.png"; sourceTree = "<group>"; };
		D9EEEEC41C9696B600662D6C /* find_icon_paihang@2x.png */ = {isa = PBXFileReference; lastKnownFileType = image.png; path = "find_icon_paihang@2x.png"; sourceTree = "<group>"; };
		D9EEEEC51C9696B600662D6C /* find_icon_paihang@3x.png */ = {isa = PBXFileReference; lastKnownFileType = image.png; path = "find_icon_paihang@3x.png"; sourceTree = "<group>"; };
		D9EEEEC61C9696B600662D6C /* find_icon_sort@2x.png */ = {isa = PBXFileReference; lastKnownFileType = image.png; path = "find_icon_sort@2x.png"; sourceTree = "<group>"; };
		D9EEEEC71C9696B600662D6C /* find_icon_sort@3x.png */ = {isa = PBXFileReference; lastKnownFileType = image.png; path = "find_icon_sort@3x.png"; sourceTree = "<group>"; };
		D9EEEEC81C9696B600662D6C /* find_icon_tuijan@2x.png */ = {isa = PBXFileReference; lastKnownFileType = image.png; path = "find_icon_tuijan@2x.png"; sourceTree = "<group>"; };
		D9EEEEC91C9696B600662D6C /* find_icon_tuijan@3x.png */ = {isa = PBXFileReference; lastKnownFileType = image.png; path = "find_icon_tuijan@3x.png"; sourceTree = "<group>"; };
		D9EEEECA1C9696B600662D6C /* find_sort_btn@2x.png */ = {isa = PBXFileReference; lastKnownFileType = image.png; path = "find_sort_btn@2x.png"; sourceTree = "<group>"; };
		D9EEEECB1C9696B600662D6C /* find_sort_btn@3x.png */ = {isa = PBXFileReference; lastKnownFileType = image.png; path = "find_sort_btn@3x.png"; sourceTree = "<group>"; };
		D9EEEECC1C9696B600662D6C /* icon_down@2x.png */ = {isa = PBXFileReference; lastKnownFileType = image.png; path = "icon_down@2x.png"; sourceTree = "<group>"; };
		D9EEEECD1C9696B600662D6C /* icon_down@3x.png */ = {isa = PBXFileReference; lastKnownFileType = image.png; path = "icon_down@3x.png"; sourceTree = "<group>"; };
		D9EEEECE1C9696B600662D6C /* icon_up@2x.png */ = {isa = PBXFileReference; lastKnownFileType = image.png; path = "icon_up@2x.png"; sourceTree = "<group>"; };
		D9EEEECF1C9696B600662D6C /* icon_up@3x.png */ = {isa = PBXFileReference; lastKnownFileType = image.png; path = "icon_up@3x.png"; sourceTree = "<group>"; };
		D9EEEED11C9696B600662D6C /* set_haoping@2x.png */ = {isa = PBXFileReference; lastKnownFileType = image.png; path = "set_haoping@2x.png"; sourceTree = "<group>"; };
		D9EEEED21C9696B600662D6C /* set_haoping@3x.png */ = {isa = PBXFileReference; lastKnownFileType = image.png; path = "set_haoping@3x.png"; sourceTree = "<group>"; };
		D9EEEED31C9696B600662D6C /* set_red_night@2x.png */ = {isa = PBXFileReference; lastKnownFileType = image.png; path = "set_red_night@2x.png"; sourceTree = "<group>"; };
		D9EEEED41C9696B600662D6C /* set_red_night@3x.png */ = {isa = PBXFileReference; lastKnownFileType = image.png; path = "set_red_night@3x.png"; sourceTree = "<group>"; };
		D9EEEED51C9696B600662D6C /* set_shengming@2x.png */ = {isa = PBXFileReference; lastKnownFileType = image.png; path = "set_shengming@2x.png"; sourceTree = "<group>"; };
		D9EEEED61C9696B600662D6C /* set_shengming@3x.png */ = {isa = PBXFileReference; lastKnownFileType = image.png; path = "set_shengming@3x.png"; sourceTree = "<group>"; };
		D9EEEED81C9696B600662D6C /* ad_icon_26@2x.png */ = {isa = PBXFileReference; lastKnownFileType = image.png; path = "ad_icon_26@2x.png"; sourceTree = "<group>"; };
		D9EEEED91C9696B600662D6C /* ad_icon_26@3x.png */ = {isa = PBXFileReference; lastKnownFileType = image.png; path = "ad_icon_26@3x.png"; sourceTree = "<group>"; };
		D9EEEEDA1C9696B600662D6C /* ad_skip@2x.png */ = {isa = PBXFileReference; lastKnownFileType = image.png; path = "ad_skip@2x.png"; sourceTree = "<group>"; };
		D9EEEEDB1C9696B600662D6C /* ad_skip@3x.png */ = {isa = PBXFileReference; lastKnownFileType = image.png; path = "ad_skip@3x.png"; sourceTree = "<group>"; };
		D9EEEEDD1C9696B600662D6C /* read_back@2x.png */ = {isa = PBXFileReference; lastKnownFileType = image.png; path = "read_back@2x.png"; sourceTree = "<group>"; };
		D9EEEEDE1C9696B600662D6C /* read_back@3x.png */ = {isa = PBXFileReference; lastKnownFileType = image.png; path = "read_back@3x.png"; sourceTree = "<group>"; };
		D9EEEEDF1C9696B600662D6C /* read_chart@2x.png */ = {isa = PBXFileReference; lastKnownFileType = image.png; path = "read_chart@2x.png"; sourceTree = "<group>"; };
		D9EEEEE01C9696B600662D6C /* read_chart@3x.png */ = {isa = PBXFileReference; lastKnownFileType = image.png; path = "read_chart@3x.png"; sourceTree = "<group>"; };
		D9EEEEE11C9696B600662D6C /* read_chart_current@2x.png */ = {isa = PBXFileReference; lastKnownFileType = image.png; path = "read_chart_current@2x.png"; sourceTree = "<group>"; };
		D9EEEEE21C9696B600662D6C /* read_chart_current@3x.png */ = {isa = PBXFileReference; lastKnownFileType = image.png; path = "read_chart_current@3x.png"; sourceTree = "<group>"; };
		D9EEEEE31C9696B600662D6C /* read_dark_1@2x.png */ = {isa = PBXFileReference; lastKnownFileType = image.png; path = "read_dark_1@2x.png"; sourceTree = "<group>"; };
		D9EEEEE41C9696B600662D6C /* read_dark_1@3x.png */ = {isa = PBXFileReference; lastKnownFileType = image.png; path = "read_dark_1@3x.png"; sourceTree = "<group>"; };
		D9EEEEE51C9696B600662D6C /* read_download@2x.png */ = {isa = PBXFileReference; lastKnownFileType = image.png; path = "read_download@2x.png"; sourceTree = "<group>"; };
		D9EEEEE61C9696B600662D6C /* read_download@3x.png */ = {isa = PBXFileReference; lastKnownFileType = image.png; path = "read_download@3x.png"; sourceTree = "<group>"; };
		D9EEEEE71C9696B600662D6C /* read_hengping@2x.png */ = {isa = PBXFileReference; lastKnownFileType = image.png; path = "read_hengping@2x.png"; sourceTree = "<group>"; };
		D9EEEEE81C9696B600662D6C /* read_hengping@3x.png */ = {isa = PBXFileReference; lastKnownFileType = image.png; path = "read_hengping@3x.png"; sourceTree = "<group>"; };
		D9EEEEE91C9696B600662D6C /* read_icon_green_bg@2x.png */ = {isa = PBXFileReference; lastKnownFileType = image.png; path = "read_icon_green_bg@2x.png"; sourceTree = "<group>"; };
		D9EEEEEA1C9696B600662D6C /* read_icon_green_bg@3x.png */ = {isa = PBXFileReference; lastKnownFileType = image.png; path = "read_icon_green_bg@3x.png"; sourceTree = "<group>"; };
		D9EEEEEB1C9696B600662D6C /* read_icon_white_bg@3x.png */ = {isa = PBXFileReference; lastKnownFileType = image.png; path = "read_icon_white_bg@3x.png"; sourceTree = "<group>"; };
		D9EEEEEC1C9696B600662D6C /* read_icon_wight_bg@2x.png */ = {isa = PBXFileReference; lastKnownFileType = image.png; path = "read_icon_wight_bg@2x.png"; sourceTree = "<group>"; };
		D9EEEEED1C9696B600662D6C /* read_icon_yellow_bg@2x.png */ = {isa = PBXFileReference; lastKnownFileType = image.png; path = "read_icon_yellow_bg@2x.png"; sourceTree = "<group>"; };
		D9EEEEEE1C9696B600662D6C /* read_icon_yellow_bg@3x.png */ = {isa = PBXFileReference; lastKnownFileType = image.png; path = "read_icon_yellow_bg@3x.png"; sourceTree = "<group>"; };
		D9EEEEEF1C9696B600662D6C /* read_light_1@2x.png */ = {isa = PBXFileReference; lastKnownFileType = image.png; path = "read_light_1@2x.png"; sourceTree = "<group>"; };
		D9EEEEF01C9696B600662D6C /* read_light_1@3x.png */ = {isa = PBXFileReference; lastKnownFileType = image.png; path = "read_light_1@3x.png"; sourceTree = "<group>"; };
		D9EEEEF11C9696B600662D6C /* read_light_Ellipse_btn@2x.png */ = {isa = PBXFileReference; lastKnownFileType = image.png; path = "read_light_Ellipse_btn@2x.png"; sourceTree = "<group>"; };
		D9EEEEF21C9696B600662D6C /* read_light_Ellipse_btn@3x.png */ = {isa = PBXFileReference; lastKnownFileType = image.png; path = "read_light_Ellipse_btn@3x.png"; sourceTree = "<group>"; };
		D9EEEEF31C9696B600662D6C /* read_mulu@2x.png */ = {isa = PBXFileReference; lastKnownFileType = image.png; path = "read_mulu@2x.png"; sourceTree = "<group>"; };
		D9EEEEF41C9696B600662D6C /* read_mulu@3x.png */ = {isa = PBXFileReference; lastKnownFileType = image.png; path = "read_mulu@3x.png"; sourceTree = "<group>"; };
		D9EEEEF51C9696B600662D6C /* read_white_night@2x.png */ = {isa = PBXFileReference; lastKnownFileType = image.png; path = "read_white_night@2x.png"; sourceTree = "<group>"; };
		D9EEEEF61C9696B600662D6C /* read_white_night@3x.png */ = {isa = PBXFileReference; lastKnownFileType = image.png; path = "read_white_night@3x.png"; sourceTree = "<group>"; };
		D9EEEEF71C9696B600662D6C /* yellowbackground@2x.jpg */ = {isa = PBXFileReference; lastKnownFileType = image.jpeg; path = "yellowbackground@2x.jpg"; sourceTree = "<group>"; };
		D9EEEEF81C9696B600662D6C /* yellowbackground@2x.png */ = {isa = PBXFileReference; lastKnownFileType = image.png; path = "yellowbackground@2x.png"; sourceTree = "<group>"; };
		D9EEEEF91C9696B600662D6C /* yellowbackground@3x.jpg */ = {isa = PBXFileReference; lastKnownFileType = image.jpeg; path = "yellowbackground@3x.jpg"; sourceTree = "<group>"; };
		D9EEEEFA1C9696B600662D6C /* yellowbackground@3x.png */ = {isa = PBXFileReference; lastKnownFileType = image.png; path = "yellowbackground@3x.png"; sourceTree = "<group>"; };
		D9EEEEFB1C9696B600662D6C /* 颜色.txt */ = {isa = PBXFileReference; fileEncoding = 4; lastKnownFileType = text; path = "颜色.txt"; sourceTree = "<group>"; };
		D9EEEEFD1C9696B600662D6C /* aizaixianjingderizi.txt */ = {isa = PBXFileReference; fileEncoding = 4; lastKnownFileType = text; path = aizaixianjingderizi.txt; sourceTree = "<group>"; };
		EED72F19C9092B69F1BA2112 /* Pods-EndlessReading.debug.xcconfig */ = {isa = PBXFileReference; includeInIndex = 1; lastKnownFileType = text.xcconfig; name = "Pods-EndlessReading.debug.xcconfig"; path = "Pods/Target Support Files/Pods-EndlessReading/Pods-EndlessReading.debug.xcconfig"; sourceTree = "<group>"; };
/* End PBXFileReference section */

/* Begin PBXFrameworksBuildPhase section */
		A07F45011C23AE2800D0A6CE /* Frameworks */ = {
			isa = PBXFrameworksBuildPhase;
			buildActionMask = 2147483647;
			files = (
				5F8301AEB90251B3815D4F31 /* libPods-EndlessReading.a in Frameworks */,
			);
			runOnlyForDeploymentPostprocessing = 0;
		};
		A07F451A1C23AE2900D0A6CE /* Frameworks */ = {
			isa = PBXFrameworksBuildPhase;
			buildActionMask = 2147483647;
			files = (
			);
			runOnlyForDeploymentPostprocessing = 0;
		};
		A07F45251C23AE2900D0A6CE /* Frameworks */ = {
			isa = PBXFrameworksBuildPhase;
			buildActionMask = 2147483647;
			files = (
			);
			runOnlyForDeploymentPostprocessing = 0;
		};
/* End PBXFrameworksBuildPhase section */

/* Begin PBXGroup section */
		57F646D8C7EB58B1F6A6E7B4 /* Pods */ = {
			isa = PBXGroup;
			children = (
				EED72F19C9092B69F1BA2112 /* Pods-EndlessReading.debug.xcconfig */,
				17666EE7D5697403A3D42216 /* Pods-EndlessReading.release.xcconfig */,
			);
			name = Pods;
			sourceTree = "<group>";
		};
		A07F44FB1C23AE2800D0A6CE = {
			isa = PBXGroup;
			children = (
				D9EEEE981C9696B600662D6C /* Resource */,
				A07F45061C23AE2800D0A6CE /* EndlessReading */,
				A07F45201C23AE2900D0A6CE /* EndlessReadingTests */,
				A07F452B1C23AE2900D0A6CE /* EndlessReadingUITests */,
				A07F45051C23AE2800D0A6CE /* Products */,
				57F646D8C7EB58B1F6A6E7B4 /* Pods */,
				EB44CD0967CEAB9F3769F4AD /* Frameworks */,
			);
			sourceTree = "<group>";
		};
		A07F45051C23AE2800D0A6CE /* Products */ = {
			isa = PBXGroup;
			children = (
				A07F45041C23AE2800D0A6CE /* EndlessReading.app */,
				A07F451D1C23AE2900D0A6CE /* EndlessReadingTests.xctest */,
				A07F45281C23AE2900D0A6CE /* EndlessReadingUITests.xctest */,
			);
			name = Products;
			sourceTree = "<group>";
		};
		A07F45061C23AE2800D0A6CE /* EndlessReading */ = {
			isa = PBXGroup;
			children = (
				A082AA1E1C3CFB3100A95816 /* Read */,
				A0CC0CC21C32976D008F5167 /* More */,
				A0CC0CBB1C328109008F5167 /* Detail */,
				A0CC0CB41C31386D008F5167 /* Search */,
				A0CC0CB01C3131E9008F5167 /* Setting */,
				A0CC0BF71C31133D008F5167 /* Helper */,
				A0CC0BF11C311223008F5167 /* Home */,
				A0E1B8FF1C2A9C9B00B3A864 /* Ads */,
				A07F450A1C23AE2800D0A6CE /* AppDelegate.h */,
				A07F450B1C23AE2800D0A6CE /* AppDelegate.m */,
				A07F450D1C23AE2800D0A6CE /* ViewController.h */,
				A07F450E1C23AE2800D0A6CE /* ViewController.m */,
				A07F45101C23AE2800D0A6CE /* Main.storyboard */,
				A07F45131C23AE2800D0A6CE /* Assets.xcassets */,
				A07F45151C23AE2800D0A6CE /* LaunchScreen.storyboard */,
				A07F45181C23AE2800D0A6CE /* Info.plist */,
				A07F45071C23AE2800D0A6CE /* Supporting Files */,
			);
			path = EndlessReading;
			sourceTree = "<group>";
		};
		A07F45071C23AE2800D0A6CE /* Supporting Files */ = {
			isa = PBXGroup;
			children = (
				A07F45081C23AE2800D0A6CE /* main.m */,
				A0CC0BF61C3112F0008F5167 /* EndlessReading.pch */,
			);
			name = "Supporting Files";
			sourceTree = "<group>";
		};
		A07F45201C23AE2900D0A6CE /* EndlessReadingTests */ = {
			isa = PBXGroup;
			children = (
				A07F45211C23AE2900D0A6CE /* EndlessReadingTests.m */,
				A07F45231C23AE2900D0A6CE /* Info.plist */,
			);
			path = EndlessReadingTests;
			sourceTree = "<group>";
		};
		A07F452B1C23AE2900D0A6CE /* EndlessReadingUITests */ = {
			isa = PBXGroup;
			children = (
				A07F452C1C23AE2900D0A6CE /* EndlessReadingUITests.m */,
				A07F452E1C23AE2900D0A6CE /* Info.plist */,
			);
			path = EndlessReadingUITests;
			sourceTree = "<group>";
		};
		A082AA1E1C3CFB3100A95816 /* Read */ = {
			isa = PBXGroup;
			children = (
				A082AA1F1C3CFB4F00A95816 /* ReadViewController.h */,
				A082AA201C3CFB4F00A95816 /* ReadViewController.m */,
				A082AA271C3D4A7E00A95816 /* ReadHeaderView.h */,
				A082AA281C3D4A7E00A95816 /* ReadHeaderView.m */,
				A082AA2A1C3D4A8B00A95816 /* ReadHeaderView.xib */,
				A082AA2E1C3D4AA700A95816 /* ReadFooterView.h */,
				A082AA2F1C3D4AA700A95816 /* ReadFooterView.m */,
				A082AA2C1C3D4A9900A95816 /* ReadFooterView.xib */,
				A04852381C574B5500D7624E /* CharTableViewCell.h */,
				A04852391C574B5500D7624E /* CharTableViewCell.m */,
			);
			name = Read;
			sourceTree = "<group>";
		};
		A0CC0BF11C311223008F5167 /* Home */ = {
			isa = PBXGroup;
			children = (
				A0CC0BF21C31122F008F5167 /* HomeViewController.h */,
				A0CC0BF31C31122F008F5167 /* HomeViewController.m */,
				A0CC0C071C312888008F5167 /* HomeTableViewCell.h */,
				A0CC0C081C312888008F5167 /* HomeTableViewCell.m */,
				A0DF6B111C5547AB00C07AF3 /* FoundViewController.h */,
				A0DF6B121C5547AB00C07AF3 /* FoundViewController.m */,
				A0DF6B141C554A9400C07AF3 /* TableviewSectionHeaderView.h */,
				A0DF6B151C554A9400C07AF3 /* TableviewSectionHeaderView.m */,
				A0DF6B171C554AA800C07AF3 /* TableviewSectionHeaderView.xib */,
				A0DF6B191C5550E300C07AF3 /* TypeTableViewCell.h */,
				A0DF6B1A1C5550E300C07AF3 /* TypeTableViewCell.m */,
				A0DF6B1C1C5555C600C07AF3 /* BookListViewController.h */,
				A0DF6B1D1C5555C600C07AF3 /* BookListViewController.m */,
			);
			name = Home;
			sourceTree = "<group>";
		};
		A0CC0BF71C31133D008F5167 /* Helper */ = {
			isa = PBXGroup;
			children = (
				A0CC0BF81C31133D008F5167 /* NSData+Helper.h */,
				A0CC0BF91C31133D008F5167 /* NSData+Helper.m */,
				A0CC0BFA1C31133D008F5167 /* NSString+Helper.h */,
				A0CC0BFB1C31133D008F5167 /* NSString+Helper.m */,
				A0CC0BFC1C31133D008F5167 /* UIColor+Helper.h */,
				A0CC0BFD1C31133D008F5167 /* UIColor+Helper.m */,
				A0CC0BFE1C31133D008F5167 /* UIView+Helper.h */,
				A0CC0BFF1C31133D008F5167 /* UIView+Helper.m */,
				A0CC0C001C31133D008F5167 /* WebServiceHttpClient.h */,
				A0CC0C011C31133D008F5167 /* WebServiceHttpClient.m */,
			);
			path = Helper;
			sourceTree = "<group>";
		};
		A0CC0CB01C3131E9008F5167 /* Setting */ = {
			isa = PBXGroup;
			children = (
				A0CC0CAD1C3130EF008F5167 /* SettingViewController.h */,
				A0CC0CAE1C3130EF008F5167 /* SettingViewController.m */,
				A0CC0CB11C3131FF008F5167 /* SettingTableViewCell.h */,
				A0CC0CB21C3131FF008F5167 /* SettingTableViewCell.m */,
				A0DF6B1F1C55789300C07AF3 /* RuleViewController.h */,
				A0DF6B201C55789300C07AF3 /* RuleViewController.m */,
			);
			name = Setting;
			sourceTree = "<group>";
		};
		A0CC0CB41C31386D008F5167 /* Search */ = {
			isa = PBXGroup;
			children = (
				A0CC0CAA1C3130DA008F5167 /* SearchViewController.h */,
				A0CC0CAB1C3130DA008F5167 /* SearchViewController.m */,
				A0CC0CB81C327F86008F5167 /* SearchTableViewCell.h */,
				A0CC0CB91C327F86008F5167 /* SearchTableViewCell.m */,
				A0CC0CBF1C32919F008F5167 /* AdsCollectionViewCell.h */,
				A0CC0CC01C32919F008F5167 /* AdsCollectionViewCell.m */,
			);
			name = Search;
			sourceTree = "<group>";
		};
		A0CC0CBB1C328109008F5167 /* Detail */ = {
			isa = PBXGroup;
			children = (
				A0CC0CBC1C328119008F5167 /* DetailViewController.h */,
				A0CC0CBD1C328119008F5167 /* DetailViewController.m */,
			);
			name = Detail;
			sourceTree = "<group>";
		};
		A0CC0CC21C32976D008F5167 /* More */ = {
			isa = PBXGroup;
			children = (
				A0CC0CC31C329778008F5167 /* MoreViewController.h */,
				A0CC0CC41C329778008F5167 /* MoreViewController.m */,
			);
			name = More;
			sourceTree = "<group>";
		};
		A0E1B8FF1C2A9C9B00B3A864 /* Ads */ = {
			isa = PBXGroup;
			children = (
				A0CC0BEE1C3111E6008F5167 /* ADSViewController.h */,
				A0CC0BEF1C3111E6008F5167 /* ADSViewController.m */,
			);
			name = Ads;
			sourceTree = "<group>";
		};
		D9EEEE981C9696B600662D6C /* Resource */ = {
			isa = PBXGroup;
			children = (
				D9EEEE991C9696B600662D6C /* Book.xcdatamodeld */,
				D9EEEE9B1C9696B600662D6C /* images */,
				D9EEEEFC1C9696B600662D6C /* TestData */,
			);
			path = Resource;
			sourceTree = "<group>";
		};
		D9EEEE9B1C9696B600662D6C /* images */ = {
			isa = PBXGroup;
			children = (
				D9EEEE9C1C9696B600662D6C /* back@2x.png */,
				D9EEEE9D1C9696B600662D6C /* back@3x.png */,
				D9EEEE9E1C9696B600662D6C /* delate@2x.png */,
				D9EEEE9F1C9696B600662D6C /* delate@@3x.png */,
				D9EEEEA01C9696B600662D6C /* icon */,
				D9EEEEAA1C9696B600662D6C /* icon-menu@2x.png */,
				D9EEEEAB1C9696B600662D6C /* icon-menu@3x.png */,
				D9EEEEAC1C9696B600662D6C /* icon_ serach_cancel@2x.png */,
				D9EEEEAD1C9696B600662D6C /* icon_ serach_cancel@3x.png */,
				D9EEEEAE1C9696B600662D6C /* icon_search@2x.png */,
				D9EEEEAF1C9696B600662D6C /* icon_search@3x.png */,
				D9EEEEB01C9696B600662D6C /* loading@2x.png */,
				D9EEEEB11C9696B600662D6C /* loading@2x.png.png */,
				D9EEEEB21C9696B600662D6C /* loading@3x.png */,
				D9EEEEB31C9696B600662D6C /* logo@2x.png */,
				D9EEEEB41C9696B600662D6C /* logo@3x.png */,
				D9EEEEB51C9696B600662D6C /* Triangle@2x.png */,
				D9EEEEB61C9696B600662D6C /* Triangle@3x.png */,
				D9EEEEB71C9696B600662D6C /* 书架 */,
				D9EEEEBE1C9696B600662D6C /* 书籍预览 */,
				D9EEEEC31C9696B600662D6C /* 发现 */,
				D9EEEED01C9696B600662D6C /* 右上角设置 */,
				D9EEEED71C9696B600662D6C /* 广告页面 */,
				D9EEEEDC1C9696B600662D6C /* 阅读页面 */,
				D9EEEEFB1C9696B600662D6C /* 颜色.txt */,
			);
			path = images;
			sourceTree = "<group>";
		};
		D9EEEEA01C9696B600662D6C /* icon */ = {
			isa = PBXGroup;
			children = (
				D9EEEEA11C9696B600662D6C /* icon-22@2x.png */,
				D9EEEEA21C9696B600662D6C /* icon-22@3x.png */,
				D9EEEEA31C9696B600662D6C /* icon-25@3x.png */,
				D9EEEEA41C9696B600662D6C /* icon-58.png */,
				D9EEEEA51C9696B600662D6C /* icon-60@2x.png */,
				D9EEEEA61C9696B600662D6C /* icon-60@3x.png */,
				D9EEEEA71C9696B600662D6C /* icon-72@2x.png */,
				D9EEEEA81C9696B600662D6C /* icon-87.png */,
				D9EEEEA91C9696B600662D6C /* iTunesArtwork-512@2x.png */,
			);
			path = icon;
			sourceTree = "<group>";
		};
		D9EEEEB71C9696B600662D6C /* 书架 */ = {
			isa = PBXGroup;
			children = (
				D9EEEEB81C9696B600662D6C /* icon_dot_red@2x.png */,
				D9EEEEB91C9696B600662D6C /* icon_dot_red@3x.png */,
				D9EEEEBA1C9696B600662D6C /* shujia_cancel@2x.png */,
				D9EEEEBB1C9696B600662D6C /* shujia_cancel@3x.png */,
				D9EEEEBC1C9696B600662D6C /* shujia_plus@2x.png */,
				D9EEEEBD1C9696B600662D6C /* shujia_plus@3x.png */,
			);
			path = "书架";
			sourceTree = "<group>";
		};
		D9EEEEBE1C9696B600662D6C /* 书籍预览 */ = {
			isa = PBXGroup;
			children = (
				D9EEEEBF1C9696B600662D6C /* book_btn_default@2x.png */,
				D9EEEEC01C9696B600662D6C /* book_btn_default@3x.png */,
				D9EEEEC11C9696B600662D6C /* book_btn_selected@2x.png */,
				D9EEEEC21C9696B600662D6C /* book_btn_selected@3x.png */,
			);
			path = "书籍预览";
			sourceTree = "<group>";
		};
		D9EEEEC31C9696B600662D6C /* 发现 */ = {
			isa = PBXGroup;
			children = (
				D9EEEEC41C9696B600662D6C /* find_icon_paihang@2x.png */,
				D9EEEEC51C9696B600662D6C /* find_icon_paihang@3x.png */,
				D9EEEEC61C9696B600662D6C /* find_icon_sort@2x.png */,
				D9EEEEC71C9696B600662D6C /* find_icon_sort@3x.png */,
				D9EEEEC81C9696B600662D6C /* find_icon_tuijan@2x.png */,
				D9EEEEC91C9696B600662D6C /* find_icon_tuijan@3x.png */,
				D9EEEECA1C9696B600662D6C /* find_sort_btn@2x.png */,
				D9EEEECB1C9696B600662D6C /* find_sort_btn@3x.png */,
				D9EEEECC1C9696B600662D6C /* icon_down@2x.png */,
				D9EEEECD1C9696B600662D6C /* icon_down@3x.png */,
				D9EEEECE1C9696B600662D6C /* icon_up@2x.png */,
				D9EEEECF1C9696B600662D6C /* icon_up@3x.png */,
			);
			path = "发现";
			sourceTree = "<group>";
		};
		D9EEEED01C9696B600662D6C /* 右上角设置 */ = {
			isa = PBXGroup;
			children = (
				D9EEEED11C9696B600662D6C /* set_haoping@2x.png */,
				D9EEEED21C9696B600662D6C /* set_haoping@3x.png */,
				D9EEEED31C9696B600662D6C /* set_red_night@2x.png */,
				D9EEEED41C9696B600662D6C /* set_red_night@3x.png */,
				D9EEEED51C9696B600662D6C /* set_shengming@2x.png */,
				D9EEEED61C9696B600662D6C /* set_shengming@3x.png */,
			);
			path = "右上角设置";
			sourceTree = "<group>";
		};
		D9EEEED71C9696B600662D6C /* 广告页面 */ = {
			isa = PBXGroup;
			children = (
				D9EEEED81C9696B600662D6C /* ad_icon_26@2x.png */,
				D9EEEED91C9696B600662D6C /* ad_icon_26@3x.png */,
				D9EEEEDA1C9696B600662D6C /* ad_skip@2x.png */,
				D9EEEEDB1C9696B600662D6C /* ad_skip@3x.png */,
			);
			path = "广告页面";
			sourceTree = "<group>";
		};
		D9EEEEDC1C9696B600662D6C /* 阅读页面 */ = {
			isa = PBXGroup;
			children = (
				D9EEEEDD1C9696B600662D6C /* read_back@2x.png */,
				D9EEEEDE1C9696B600662D6C /* read_back@3x.png */,
				D9EEEEDF1C9696B600662D6C /* read_chart@2x.png */,
				D9EEEEE01C9696B600662D6C /* read_chart@3x.png */,
				D9EEEEE11C9696B600662D6C /* read_chart_current@2x.png */,
				D9EEEEE21C9696B600662D6C /* read_chart_current@3x.png */,
				D9EEEEE31C9696B600662D6C /* read_dark_1@2x.png */,
				D9EEEEE41C9696B600662D6C /* read_dark_1@3x.png */,
				D9EEEEE51C9696B600662D6C /* read_download@2x.png */,
				D9EEEEE61C9696B600662D6C /* read_download@3x.png */,
				D9EEEEE71C9696B600662D6C /* read_hengping@2x.png */,
				D9EEEEE81C9696B600662D6C /* read_hengping@3x.png */,
				D9EEEEE91C9696B600662D6C /* read_icon_green_bg@2x.png */,
				D9EEEEEA1C9696B600662D6C /* read_icon_green_bg@3x.png */,
				D9EEEEEB1C9696B600662D6C /* read_icon_white_bg@3x.png */,
				D9EEEEEC1C9696B600662D6C /* read_icon_wight_bg@2x.png */,
				D9EEEEED1C9696B600662D6C /* read_icon_yellow_bg@2x.png */,
				D9EEEEEE1C9696B600662D6C /* read_icon_yellow_bg@3x.png */,
				D9EEEEEF1C9696B600662D6C /* read_light_1@2x.png */,
				D9EEEEF01C9696B600662D6C /* read_light_1@3x.png */,
				D9EEEEF11C9696B600662D6C /* read_light_Ellipse_btn@2x.png */,
				D9EEEEF21C9696B600662D6C /* read_light_Ellipse_btn@3x.png */,
				D9EEEEF31C9696B600662D6C /* read_mulu@2x.png */,
				D9EEEEF41C9696B600662D6C /* read_mulu@3x.png */,
				D9EEEEF51C9696B600662D6C /* read_white_night@2x.png */,
				D9EEEEF61C9696B600662D6C /* read_white_night@3x.png */,
				D9EEEEF71C9696B600662D6C /* yellowbackground@2x.jpg */,
				D9EEEEF81C9696B600662D6C /* yellowbackground@2x.png */,
				D9EEEEF91C9696B600662D6C /* yellowbackground@3x.jpg */,
				D9EEEEFA1C9696B600662D6C /* yellowbackground@3x.png */,
			);
			path = "阅读页面";
			sourceTree = "<group>";
		};
		D9EEEEFC1C9696B600662D6C /* TestData */ = {
			isa = PBXGroup;
			children = (
				D9EEEEFD1C9696B600662D6C /* aizaixianjingderizi.txt */,
			);
			path = TestData;
			sourceTree = "<group>";
		};
		EB44CD0967CEAB9F3769F4AD /* Frameworks */ = {
			isa = PBXGroup;
			children = (
				51D1B11BAB842AC2514CF0DD /* libPods-EndlessReading.a */,
			);
			name = Frameworks;
			sourceTree = "<group>";
		};
/* End PBXGroup section */

/* Begin PBXNativeTarget section */
		A07F45031C23AE2800D0A6CE /* EndlessReading */ = {
			isa = PBXNativeTarget;
			buildConfigurationList = A07F45311C23AE2900D0A6CE /* Build configuration list for PBXNativeTarget "EndlessReading" */;
			buildPhases = (
				625B7FA327181B7D29FE0211 /* Check Pods Manifest.lock */,
				A07F45001C23AE2800D0A6CE /* Sources */,
				A07F45011C23AE2800D0A6CE /* Frameworks */,
				A07F45021C23AE2800D0A6CE /* Resources */,
				AA211BAF84C192F3D830CB1D /* Embed Pods Frameworks */,
				80FD5A2490C0A4025319C392 /* Copy Pods Resources */,
			);
			buildRules = (
			);
			dependencies = (
			);
			name = EndlessReading;
			productName = EndlessReading;
			productReference = A07F45041C23AE2800D0A6CE /* EndlessReading.app */;
			productType = "com.apple.product-type.application";
		};
		A07F451C1C23AE2900D0A6CE /* EndlessReadingTests */ = {
			isa = PBXNativeTarget;
			buildConfigurationList = A07F45341C23AE2900D0A6CE /* Build configuration list for PBXNativeTarget "EndlessReadingTests" */;
			buildPhases = (
				A07F45191C23AE2900D0A6CE /* Sources */,
				A07F451A1C23AE2900D0A6CE /* Frameworks */,
				A07F451B1C23AE2900D0A6CE /* Resources */,
			);
			buildRules = (
			);
			dependencies = (
				A07F451F1C23AE2900D0A6CE /* PBXTargetDependency */,
			);
			name = EndlessReadingTests;
			productName = EndlessReadingTests;
			productReference = A07F451D1C23AE2900D0A6CE /* EndlessReadingTests.xctest */;
			productType = "com.apple.product-type.bundle.unit-test";
		};
		A07F45271C23AE2900D0A6CE /* EndlessReadingUITests */ = {
			isa = PBXNativeTarget;
			buildConfigurationList = A07F45371C23AE2900D0A6CE /* Build configuration list for PBXNativeTarget "EndlessReadingUITests" */;
			buildPhases = (
				A07F45241C23AE2900D0A6CE /* Sources */,
				A07F45251C23AE2900D0A6CE /* Frameworks */,
				A07F45261C23AE2900D0A6CE /* Resources */,
			);
			buildRules = (
			);
			dependencies = (
				A07F452A1C23AE2900D0A6CE /* PBXTargetDependency */,
			);
			name = EndlessReadingUITests;
			productName = EndlessReadingUITests;
			productReference = A07F45281C23AE2900D0A6CE /* EndlessReadingUITests.xctest */;
			productType = "com.apple.product-type.bundle.ui-testing";
		};
/* End PBXNativeTarget section */

/* Begin PBXProject section */
		A07F44FC1C23AE2800D0A6CE /* Project object */ = {
			isa = PBXProject;
			attributes = {
				LastUpgradeCheck = 0720;
				ORGANIZATIONNAME = Satinno;
				TargetAttributes = {
					A07F45031C23AE2800D0A6CE = {
						CreatedOnToolsVersion = 7.2;
					};
					A07F451C1C23AE2900D0A6CE = {
						CreatedOnToolsVersion = 7.2;
						TestTargetID = A07F45031C23AE2800D0A6CE;
					};
					A07F45271C23AE2900D0A6CE = {
						CreatedOnToolsVersion = 7.2;
						TestTargetID = A07F45031C23AE2800D0A6CE;
					};
				};
			};
			buildConfigurationList = A07F44FF1C23AE2800D0A6CE /* Build configuration list for PBXProject "EndlessReading" */;
			compatibilityVersion = "Xcode 3.2";
			developmentRegion = English;
			hasScannedForEncodings = 0;
			knownRegions = (
				en,
				Base,
			);
			mainGroup = A07F44FB1C23AE2800D0A6CE;
			productRefGroup = A07F45051C23AE2800D0A6CE /* Products */;
			projectDirPath = "";
			projectRoot = "";
			targets = (
				A07F45031C23AE2800D0A6CE /* EndlessReading */,
				A07F451C1C23AE2900D0A6CE /* EndlessReadingTests */,
				A07F45271C23AE2900D0A6CE /* EndlessReadingUITests */,
			);
		};
/* End PBXProject section */

/* Begin PBXResourcesBuildPhase section */
		A07F45021C23AE2800D0A6CE /* Resources */ = {
			isa = PBXResourcesBuildPhase;
			buildActionMask = 2147483647;
			files = (
				D9EEEF471C9696B600662D6C /* read_icon_white_bg@3x.png in Resources */,
				D9EEEF551C9696B600662D6C /* yellowbackground@3x.jpg in Resources */,
				D9EEEF331C9696B600662D6C /* set_shengming@2x.png in Resources */,
				D9EEEF171C9696B600662D6C /* Triangle@2x.png in Resources */,
				D9EEEF3B1C9696B600662D6C /* read_chart@2x.png in Resources */,
				D9EEEF481C9696B600662D6C /* read_icon_wight_bg@2x.png in Resources */,
				D9EEEF071C9696B600662D6C /* icon-60@2x.png in Resources */,
				D9EEEF4B1C9696B600662D6C /* read_light_1@2x.png in Resources */,
				D9EEEF241C9696B600662D6C /* find_icon_paihang@3x.png in Resources */,
				D9EEEF4C1C9696B600662D6C /* read_light_1@3x.png in Resources */,
				D9EEEF441C9696B600662D6C /* read_hengping@3x.png in Resources */,
				D9EEEF1A1C9696B600662D6C /* icon_dot_red@3x.png in Resources */,
				D9EEEF0D1C9696B600662D6C /* icon-menu@3x.png in Resources */,
				D9EEEF181C9696B600662D6C /* Triangle@3x.png in Resources */,
				D9EEEF381C9696B600662D6C /* ad_skip@3x.png in Resources */,
				D9EEEF1E1C9696B600662D6C /* shujia_plus@3x.png in Resources */,
				D9EEEF511C9696B600662D6C /* read_white_night@2x.png in Resources */,
				D9EEEF221C9696B600662D6C /* book_btn_selected@3x.png in Resources */,
				D9EEEF341C9696B600662D6C /* set_shengming@3x.png in Resources */,
				D9EEEF3E1C9696B600662D6C /* read_chart_current@3x.png in Resources */,
				A082AA2B1C3D4A8B00A95816 /* ReadHeaderView.xib in Resources */,
				D9EEEF561C9696B600662D6C /* yellowbackground@3x.png in Resources */,
				D9EEEF201C9696B600662D6C /* book_btn_default@3x.png in Resources */,
				D9EEEF211C9696B600662D6C /* book_btn_selected@2x.png in Resources */,
				D9EEEF431C9696B600662D6C /* read_hengping@2x.png in Resources */,
				D9EEEF571C9696B600662D6C /* 颜色.txt in Resources */,
				A07F45171C23AE2800D0A6CE /* LaunchScreen.storyboard in Resources */,
				D9EEEF0E1C9696B600662D6C /* icon_ serach_cancel@2x.png in Resources */,
				D9EEEF041C9696B600662D6C /* icon-22@3x.png in Resources */,
				D9EEEF141C9696B600662D6C /* loading@3x.png in Resources */,
				D9EEEF061C9696B600662D6C /* icon-58.png in Resources */,
				D9EEEF1B1C9696B600662D6C /* shujia_cancel@2x.png in Resources */,
				D9EEEF051C9696B600662D6C /* icon-25@3x.png in Resources */,
				D9EEEF001C9696B600662D6C /* back@3x.png in Resources */,
				D9EEEF4E1C9696B600662D6C /* read_light_Ellipse_btn@3x.png in Resources */,
				D9EEEF2E1C9696B600662D6C /* icon_up@3x.png in Resources */,
				D9EEEF461C9696B600662D6C /* read_icon_green_bg@3x.png in Resources */,
				D9EEEF1F1C9696B600662D6C /* book_btn_default@2x.png in Resources */,
				D9EEEF151C9696B600662D6C /* logo@2x.png in Resources */,
				D9EEEF541C9696B600662D6C /* yellowbackground@2x.png in Resources */,
				D9EEEF1C1C9696B600662D6C /* shujia_cancel@3x.png in Resources */,
				D9EEEF501C9696B600662D6C /* read_mulu@3x.png in Resources */,
				A0DF6B181C554AA800C07AF3 /* TableviewSectionHeaderView.xib in Resources */,
				D9EEEF3D1C9696B600662D6C /* read_chart_current@2x.png in Resources */,
				D9EEEF3C1C9696B600662D6C /* read_chart@3x.png in Resources */,
				D9EEEF0B1C9696B600662D6C /* iTunesArtwork-512@2x.png in Resources */,
				D9EEEF4D1C9696B600662D6C /* read_light_Ellipse_btn@2x.png in Resources */,
				D9EEEF131C9696B600662D6C /* loading@2x.png.png in Resources */,
				D9EEEF081C9696B600662D6C /* icon-60@3x.png in Resources */,
				D9EEEF451C9696B600662D6C /* read_icon_green_bg@2x.png in Resources */,
				D9EEEF311C9696B600662D6C /* set_red_night@2x.png in Resources */,
				D9EEEF2B1C9696B600662D6C /* icon_down@2x.png in Resources */,
				D9EEEF231C9696B600662D6C /* find_icon_paihang@2x.png in Resources */,
				D9EEEEFF1C9696B600662D6C /* back@2x.png in Resources */,
				D9EEEF3F1C9696B600662D6C /* read_dark_1@2x.png in Resources */,
				D9EEEF101C9696B600662D6C /* icon_search@2x.png in Resources */,
				D9EEEF021C9696B600662D6C /* delate@@3x.png in Resources */,
				D9EEEF531C9696B600662D6C /* yellowbackground@2x.jpg in Resources */,
				D9EEEF3A1C9696B600662D6C /* read_back@3x.png in Resources */,
				D9EEEF0C1C9696B600662D6C /* icon-menu@2x.png in Resources */,
				D9EEEF301C9696B600662D6C /* set_haoping@3x.png in Resources */,
				A07F45141C23AE2800D0A6CE /* Assets.xcassets in Resources */,
				D9EEEF271C9696B600662D6C /* find_icon_tuijan@2x.png in Resources */,
				D9EEEF1D1C9696B600662D6C /* shujia_plus@2x.png in Resources */,
				D9EEEF2F1C9696B600662D6C /* set_haoping@2x.png in Resources */,
				A082AA2D1C3D4A9900A95816 /* ReadFooterView.xib in Resources */,
				D9EEEF4F1C9696B600662D6C /* read_mulu@2x.png in Resources */,
				D9EEEF2D1C9696B600662D6C /* icon_up@2x.png in Resources */,
				D9EEEF361C9696B600662D6C /* ad_icon_26@3x.png in Resources */,
				D9EEEF371C9696B600662D6C /* ad_skip@2x.png in Resources */,
				D9EEEF391C9696B600662D6C /* read_back@2x.png in Resources */,
				D9EEEF421C9696B600662D6C /* read_download@3x.png in Resources */,
				D9EEEF401C9696B600662D6C /* read_dark_1@3x.png in Resources */,
				A07F45121C23AE2800D0A6CE /* Main.storyboard in Resources */,
				D9EEEF291C9696B600662D6C /* find_sort_btn@2x.png in Resources */,
				D9EEEF521C9696B600662D6C /* read_white_night@3x.png in Resources */,
				D9EEEF261C9696B600662D6C /* find_icon_sort@3x.png in Resources */,
				D9EEEF111C9696B600662D6C /* icon_search@3x.png in Resources */,
				D9EEEF0F1C9696B600662D6C /* icon_ serach_cancel@3x.png in Resources */,
				D9EEEF351C9696B600662D6C /* ad_icon_26@2x.png in Resources */,
				D9EEEF121C9696B600662D6C /* loading@2x.png in Resources */,
				D9EEEF281C9696B600662D6C /* find_icon_tuijan@3x.png in Resources */,
				D9EEEF581C9696B600662D6C /* aizaixianjingderizi.txt in Resources */,
				D9EEEF411C9696B600662D6C /* read_download@2x.png in Resources */,
				D9EEEF491C9696B600662D6C /* read_icon_yellow_bg@2x.png in Resources */,
				D9EEEF251C9696B600662D6C /* find_icon_sort@2x.png in Resources */,
				D9EEEF2A1C9696B600662D6C /* find_sort_btn@3x.png in Resources */,
				D9EEEF031C9696B600662D6C /* icon-22@2x.png in Resources */,
				D9EEEF321C9696B600662D6C /* set_red_night@3x.png in Resources */,
				D9EEEF2C1C9696B600662D6C /* icon_down@3x.png in Resources */,
				D9EEEF011C9696B600662D6C /* delate@2x.png in Resources */,
				D9EEEF4A1C9696B600662D6C /* read_icon_yellow_bg@3x.png in Resources */,
				D9EEEF091C9696B600662D6C /* icon-72@2x.png in Resources */,
				D9EEEF191C9696B600662D6C /* icon_dot_red@2x.png in Resources */,
				D9EEEF161C9696B600662D6C /* logo@3x.png in Resources */,
				D9EEEF0A1C9696B600662D6C /* icon-87.png in Resources */,
			);
			runOnlyForDeploymentPostprocessing = 0;
		};
		A07F451B1C23AE2900D0A6CE /* Resources */ = {
			isa = PBXResourcesBuildPhase;
			buildActionMask = 2147483647;
			files = (
			);
			runOnlyForDeploymentPostprocessing = 0;
		};
		A07F45261C23AE2900D0A6CE /* Resources */ = {
			isa = PBXResourcesBuildPhase;
			buildActionMask = 2147483647;
			files = (
			);
			runOnlyForDeploymentPostprocessing = 0;
		};
/* End PBXResourcesBuildPhase section */

/* Begin PBXShellScriptBuildPhase section */
		625B7FA327181B7D29FE0211 /* Check Pods Manifest.lock */ = {
			isa = PBXShellScriptBuildPhase;
			buildActionMask = 2147483647;
			files = (
			);
			inputPaths = (
			);
			name = "Check Pods Manifest.lock";
			outputPaths = (
			);
			runOnlyForDeploymentPostprocessing = 0;
			shellPath = /bin/sh;
			shellScript = "diff \"${PODS_ROOT}/../Podfile.lock\" \"${PODS_ROOT}/Manifest.lock\" > /dev/null\nif [[ $? != 0 ]] ; then\n    cat << EOM\nerror: The sandbox is not in sync with the Podfile.lock. Run 'pod install' or update your CocoaPods installation.\nEOM\n    exit 1\nfi\n";
			showEnvVarsInLog = 0;
		};
		80FD5A2490C0A4025319C392 /* Copy Pods Resources */ = {
			isa = PBXShellScriptBuildPhase;
			buildActionMask = 2147483647;
			files = (
			);
			inputPaths = (
			);
			name = "Copy Pods Resources";
			outputPaths = (
			);
			runOnlyForDeploymentPostprocessing = 0;
			shellPath = /bin/sh;
			shellScript = "\"${SRCROOT}/Pods/Target Support Files/Pods-EndlessReading/Pods-EndlessReading-resources.sh\"\n";
			showEnvVarsInLog = 0;
		};
		AA211BAF84C192F3D830CB1D /* Embed Pods Frameworks */ = {
			isa = PBXShellScriptBuildPhase;
			buildActionMask = 2147483647;
			files = (
			);
			inputPaths = (
			);
			name = "Embed Pods Frameworks";
			outputPaths = (
			);
			runOnlyForDeploymentPostprocessing = 0;
			shellPath = /bin/sh;
			shellScript = "\"${SRCROOT}/Pods/Target Support Files/Pods-EndlessReading/Pods-EndlessReading-frameworks.sh\"\n";
			showEnvVarsInLog = 0;
		};
/* End PBXShellScriptBuildPhase section */

/* Begin PBXSourcesBuildPhase section */
		A07F45001C23AE2800D0A6CE /* Sources */ = {
			isa = PBXSourcesBuildPhase;
			buildActionMask = 2147483647;
			files = (
				A0CC0C021C31133D008F5167 /* NSData+Helper.m in Sources */,
				A0DF6B131C5547AB00C07AF3 /* FoundViewController.m in Sources */,
				A07F450F1C23AE2800D0A6CE /* ViewController.m in Sources */,
				A0DF6B1B1C5550E300C07AF3 /* TypeTableViewCell.m in Sources */,
				A0CC0CAF1C3130EF008F5167 /* SettingViewController.m in Sources */,
				A0CC0CBE1C328119008F5167 /* DetailViewController.m in Sources */,
				A082AA301C3D4AA700A95816 /* ReadFooterView.m in Sources */,
				A0CC0C051C31133D008F5167 /* UIView+Helper.m in Sources */,
				A0CC0C091C312888008F5167 /* HomeTableViewCell.m in Sources */,
				A0CC0CC11C32919F008F5167 /* AdsCollectionViewCell.m in Sources */,
				A0CC0BF01C3111E6008F5167 /* ADSViewController.m in Sources */,
				A0CC0CB31C3131FF008F5167 /* SettingTableViewCell.m in Sources */,
				A0CC0C041C31133D008F5167 /* UIColor+Helper.m in Sources */,
				A07F450C1C23AE2800D0A6CE /* AppDelegate.m in Sources */,
				A082AA291C3D4A7E00A95816 /* ReadHeaderView.m in Sources */,
				A0CC0BF41C31122F008F5167 /* HomeViewController.m in Sources */,
				A07F45091C23AE2800D0A6CE /* main.m in Sources */,
				A048523A1C574B5500D7624E /* CharTableViewCell.m in Sources */,
				A0DF6B161C554A9400C07AF3 /* TableviewSectionHeaderView.m in Sources */,
				A0DF6B1E1C5555C600C07AF3 /* BookListViewController.m in Sources */,
				D9EEEEFE1C9696B600662D6C /* Book.xcdatamodeld in Sources */,
				A0CC0CC51C329778008F5167 /* MoreViewController.m in Sources */,
				A0CC0C031C31133D008F5167 /* NSString+Helper.m in Sources */,
				A082AA211C3CFB4F00A95816 /* ReadViewController.m in Sources */,
				A0CC0CAC1C3130DA008F5167 /* SearchViewController.m in Sources */,
				A0CC0C061C31133D008F5167 /* WebServiceHttpClient.m in Sources */,
				A0DF6B211C55789300C07AF3 /* RuleViewController.m in Sources */,
				A0CC0CBA1C327F86008F5167 /* SearchTableViewCell.m in Sources */,
			);
			runOnlyForDeploymentPostprocessing = 0;
		};
		A07F45191C23AE2900D0A6CE /* Sources */ = {
			isa = PBXSourcesBuildPhase;
			buildActionMask = 2147483647;
			files = (
				A07F45221C23AE2900D0A6CE /* EndlessReadingTests.m in Sources */,
			);
			runOnlyForDeploymentPostprocessing = 0;
		};
		A07F45241C23AE2900D0A6CE /* Sources */ = {
			isa = PBXSourcesBuildPhase;
			buildActionMask = 2147483647;
			files = (
				A07F452D1C23AE2900D0A6CE /* EndlessReadingUITests.m in Sources */,
			);
			runOnlyForDeploymentPostprocessing = 0;
		};
/* End PBXSourcesBuildPhase section */

/* Begin PBXTargetDependency section */
		A07F451F1C23AE2900D0A6CE /* PBXTargetDependency */ = {
			isa = PBXTargetDependency;
			target = A07F45031C23AE2800D0A6CE /* EndlessReading */;
			targetProxy = A07F451E1C23AE2900D0A6CE /* PBXContainerItemProxy */;
		};
		A07F452A1C23AE2900D0A6CE /* PBXTargetDependency */ = {
			isa = PBXTargetDependency;
			target = A07F45031C23AE2800D0A6CE /* EndlessReading */;
			targetProxy = A07F45291C23AE2900D0A6CE /* PBXContainerItemProxy */;
		};
/* End PBXTargetDependency section */

/* Begin PBXVariantGroup section */
		A07F45101C23AE2800D0A6CE /* Main.storyboard */ = {
			isa = PBXVariantGroup;
			children = (
				A07F45111C23AE2800D0A6CE /* Base */,
			);
			name = Main.storyboard;
			sourceTree = "<group>";
		};
		A07F45151C23AE2800D0A6CE /* LaunchScreen.storyboard */ = {
			isa = PBXVariantGroup;
			children = (
				A04852371C57338900D7624E /* en */,
			);
			name = LaunchScreen.storyboard;
			sourceTree = "<group>";
		};
/* End PBXVariantGroup section */

/* Begin XCBuildConfiguration section */
		A07F452F1C23AE2900D0A6CE /* Debug */ = {
			isa = XCBuildConfiguration;
			buildSettings = {
				ALWAYS_SEARCH_USER_PATHS = NO;
				CLANG_CXX_LANGUAGE_STANDARD = "gnu++0x";
				CLANG_CXX_LIBRARY = "libc++";
				CLANG_ENABLE_MODULES = YES;
				CLANG_ENABLE_OBJC_ARC = YES;
				CLANG_WARN_BOOL_CONVERSION = YES;
				CLANG_WARN_CONSTANT_CONVERSION = YES;
				CLANG_WARN_DIRECT_OBJC_ISA_USAGE = YES_ERROR;
				CLANG_WARN_EMPTY_BODY = YES;
				CLANG_WARN_ENUM_CONVERSION = YES;
				CLANG_WARN_INT_CONVERSION = YES;
				CLANG_WARN_OBJC_ROOT_CLASS = YES_ERROR;
				CLANG_WARN_UNREACHABLE_CODE = YES;
				CLANG_WARN__DUPLICATE_METHOD_MATCH = YES;
				"CODE_SIGN_IDENTITY[sdk=iphoneos*]" = "iPhone Developer";
				COPY_PHASE_STRIP = NO;
				DEBUG_INFORMATION_FORMAT = dwarf;
				ENABLE_STRICT_OBJC_MSGSEND = YES;
				ENABLE_TESTABILITY = YES;
				GCC_C_LANGUAGE_STANDARD = gnu99;
				GCC_DYNAMIC_NO_PIC = NO;
				GCC_NO_COMMON_BLOCKS = YES;
				GCC_OPTIMIZATION_LEVEL = 0;
				GCC_PREPROCESSOR_DEFINITIONS = (
					"DEBUG=1",
					"$(inherited)",
				);
				GCC_WARN_64_TO_32_BIT_CONVERSION = YES;
				GCC_WARN_ABOUT_RETURN_TYPE = YES_ERROR;
				GCC_WARN_UNDECLARED_SELECTOR = YES;
				GCC_WARN_UNINITIALIZED_AUTOS = YES_AGGRESSIVE;
				GCC_WARN_UNUSED_FUNCTION = YES;
				GCC_WARN_UNUSED_VARIABLE = YES;
				IPHONEOS_DEPLOYMENT_TARGET = 9.2;
				MTL_ENABLE_DEBUG_INFO = YES;
				ONLY_ACTIVE_ARCH = YES;
				SDKROOT = iphoneos;
			};
			name = Debug;
		};
		A07F45301C23AE2900D0A6CE /* Release */ = {
			isa = XCBuildConfiguration;
			buildSettings = {
				ALWAYS_SEARCH_USER_PATHS = NO;
				CLANG_CXX_LANGUAGE_STANDARD = "gnu++0x";
				CLANG_CXX_LIBRARY = "libc++";
				CLANG_ENABLE_MODULES = YES;
				CLANG_ENABLE_OBJC_ARC = YES;
				CLANG_WARN_BOOL_CONVERSION = YES;
				CLANG_WARN_CONSTANT_CONVERSION = YES;
				CLANG_WARN_DIRECT_OBJC_ISA_USAGE = YES_ERROR;
				CLANG_WARN_EMPTY_BODY = YES;
				CLANG_WARN_ENUM_CONVERSION = YES;
				CLANG_WARN_INT_CONVERSION = YES;
				CLANG_WARN_OBJC_ROOT_CLASS = YES_ERROR;
				CLANG_WARN_UNREACHABLE_CODE = YES;
				CLANG_WARN__DUPLICATE_METHOD_MATCH = YES;
				"CODE_SIGN_IDENTITY[sdk=iphoneos*]" = "iPhone Developer";
				COPY_PHASE_STRIP = NO;
				DEBUG_INFORMATION_FORMAT = "dwarf-with-dsym";
				ENABLE_NS_ASSERTIONS = NO;
				ENABLE_STRICT_OBJC_MSGSEND = YES;
				GCC_C_LANGUAGE_STANDARD = gnu99;
				GCC_NO_COMMON_BLOCKS = YES;
				GCC_WARN_64_TO_32_BIT_CONVERSION = YES;
				GCC_WARN_ABOUT_RETURN_TYPE = YES_ERROR;
				GCC_WARN_UNDECLARED_SELECTOR = YES;
				GCC_WARN_UNINITIALIZED_AUTOS = YES_AGGRESSIVE;
				GCC_WARN_UNUSED_FUNCTION = YES;
				GCC_WARN_UNUSED_VARIABLE = YES;
				IPHONEOS_DEPLOYMENT_TARGET = 9.2;
				MTL_ENABLE_DEBUG_INFO = NO;
				SDKROOT = iphoneos;
				VALIDATE_PRODUCT = YES;
			};
			name = Release;
		};
		A07F45321C23AE2900D0A6CE /* Debug */ = {
			isa = XCBuildConfiguration;
			baseConfigurationReference = EED72F19C9092B69F1BA2112 /* Pods-EndlessReading.debug.xcconfig */;
			buildSettings = {
				ASSETCATALOG_COMPILER_APPICON_NAME = AppIcon;
				ASSETCATALOG_COMPILER_LAUNCHIMAGE_NAME = "Brand Assets";
				GCC_PRECOMPILE_PREFIX_HEADER = YES;
				GCC_PREFIX_HEADER = EndlessReading/EndlessReading.pch;
				INFOPLIST_FILE = EndlessReading/Info.plist;
				IPHONEOS_DEPLOYMENT_TARGET = 8.0;
				LD_RUNPATH_SEARCH_PATHS = "$(inherited) @executable_path/Frameworks";
				PRODUCT_BUNDLE_IDENTIFIER = com.satinno.ent.EndlessReading;
				PRODUCT_NAME = "$(TARGET_NAME)";
			};
			name = Debug;
		};
		A07F45331C23AE2900D0A6CE /* Release */ = {
			isa = XCBuildConfiguration;
			baseConfigurationReference = 17666EE7D5697403A3D42216 /* Pods-EndlessReading.release.xcconfig */;
			buildSettings = {
				ASSETCATALOG_COMPILER_APPICON_NAME = AppIcon;
				ASSETCATALOG_COMPILER_LAUNCHIMAGE_NAME = "Brand Assets";
				CODE_SIGN_IDENTITY = "iPhone Distribution: Saturday Innovation Ltd.";
				"CODE_SIGN_IDENTITY[sdk=iphoneos*]" = "iPhone Distribution: Saturday Innovation Ltd.";
				GCC_PRECOMPILE_PREFIX_HEADER = YES;
				GCC_PREFIX_HEADER = EndlessReading/EndlessReading.pch;
				INFOPLIST_FILE = EndlessReading/Info.plist;
				IPHONEOS_DEPLOYMENT_TARGET = 8.0;
				LD_RUNPATH_SEARCH_PATHS = "$(inherited) @executable_path/Frameworks";
				PRODUCT_BUNDLE_IDENTIFIER = com.satinno.ent.EndlessReading;
				PRODUCT_NAME = "$(TARGET_NAME)";
				PROVISIONING_PROFILE = "7afac44e-db78-4e94-b853-0b92e0706ade";
			};
			name = Release;
		};
		A07F45351C23AE2900D0A6CE /* Debug */ = {
			isa = XCBuildConfiguration;
			buildSettings = {
				BUNDLE_LOADER = "$(TEST_HOST)";
				INFOPLIST_FILE = EndlessReadingTests/Info.plist;
				LD_RUNPATH_SEARCH_PATHS = "$(inherited) @executable_path/Frameworks @loader_path/Frameworks";
				PRODUCT_BUNDLE_IDENTIFIER = com.satinno.ent.EndlessReadingTests;
				PRODUCT_NAME = "$(TARGET_NAME)";
				TEST_HOST = "$(BUILT_PRODUCTS_DIR)/EndlessReading.app/EndlessReading";
			};
			name = Debug;
		};
		A07F45361C23AE2900D0A6CE /* Release */ = {
			isa = XCBuildConfiguration;
			buildSettings = {
				BUNDLE_LOADER = "$(TEST_HOST)";
				INFOPLIST_FILE = EndlessReadingTests/Info.plist;
				LD_RUNPATH_SEARCH_PATHS = "$(inherited) @executable_path/Frameworks @loader_path/Frameworks";
				PRODUCT_BUNDLE_IDENTIFIER = com.satinno.ent.EndlessReadingTests;
				PRODUCT_NAME = "$(TARGET_NAME)";
				TEST_HOST = "$(BUILT_PRODUCTS_DIR)/EndlessReading.app/EndlessReading";
			};
			name = Release;
		};
		A07F45381C23AE2900D0A6CE /* Debug */ = {
			isa = XCBuildConfiguration;
			buildSettings = {
				INFOPLIST_FILE = EndlessReadingUITests/Info.plist;
				LD_RUNPATH_SEARCH_PATHS = "$(inherited) @executable_path/Frameworks @loader_path/Frameworks";
				PRODUCT_BUNDLE_IDENTIFIER = com.satinno.ent.EndlessReadingUITests;
				PRODUCT_NAME = "$(TARGET_NAME)";
				TEST_TARGET_NAME = EndlessReading;
				USES_XCTRUNNER = YES;
			};
			name = Debug;
		};
		A07F45391C23AE2900D0A6CE /* Release */ = {
			isa = XCBuildConfiguration;
			buildSettings = {
				INFOPLIST_FILE = EndlessReadingUITests/Info.plist;
				LD_RUNPATH_SEARCH_PATHS = "$(inherited) @executable_path/Frameworks @loader_path/Frameworks";
				PRODUCT_BUNDLE_IDENTIFIER = com.satinno.ent.EndlessReadingUITests;
				PRODUCT_NAME = "$(TARGET_NAME)";
				TEST_TARGET_NAME = EndlessReading;
				USES_XCTRUNNER = YES;
			};
			name = Release;
		};
/* End XCBuildConfiguration section */

/* Begin XCConfigurationList section */
		A07F44FF1C23AE2800D0A6CE /* Build configuration list for PBXProject "EndlessReading" */ = {
			isa = XCConfigurationList;
			buildConfigurations = (
				A07F452F1C23AE2900D0A6CE /* Debug */,
				A07F45301C23AE2900D0A6CE /* Release */,
			);
			defaultConfigurationIsVisible = 0;
			defaultConfigurationName = Release;
		};
		A07F45311C23AE2900D0A6CE /* Build configuration list for PBXNativeTarget "EndlessReading" */ = {
			isa = XCConfigurationList;
			buildConfigurations = (
				A07F45321C23AE2900D0A6CE /* Debug */,
				A07F45331C23AE2900D0A6CE /* Release */,
			);
			defaultConfigurationIsVisible = 0;
			defaultConfigurationName = Release;
		};
		A07F45341C23AE2900D0A6CE /* Build configuration list for PBXNativeTarget "EndlessReadingTests" */ = {
			isa = XCConfigurationList;
			buildConfigurations = (
				A07F45351C23AE2900D0A6CE /* Debug */,
				A07F45361C23AE2900D0A6CE /* Release */,
			);
			defaultConfigurationIsVisible = 0;
			defaultConfigurationName = Release;
		};
		A07F45371C23AE2900D0A6CE /* Build configuration list for PBXNativeTarget "EndlessReadingUITests" */ = {
			isa = XCConfigurationList;
			buildConfigurations = (
				A07F45381C23AE2900D0A6CE /* Debug */,
				A07F45391C23AE2900D0A6CE /* Release */,
			);
			defaultConfigurationIsVisible = 0;
			defaultConfigurationName = Release;
		};
/* End XCConfigurationList section */

/* Begin XCVersionGroup section */
		D9EEEE991C9696B600662D6C /* Book.xcdatamodeld */ = {
			isa = XCVersionGroup;
			children = (
				D9EEEE9A1C9696B600662D6C /* Book.xcdatamodel */,
			);
			currentVersion = D9EEEE9A1C9696B600662D6C /* Book.xcdatamodel */;
			path = Book.xcdatamodeld;
			sourceTree = "<group>";
			versionGroupType = wrapper.xcdatamodel;
		};
/* End XCVersionGroup section */
	};
	rootObject = A07F44FC1C23AE2800D0A6CE /* Project object */;
}
